// !$*UTF8*$!
{
	archiveVersion = 1;
	classes = {
	};
	objectVersion = 46;
	objects = {

/* Begin PBXBuildFile section */
		19EB523AC5A4798F9BFA29B7 /* Pods_AllStars.framework in Frameworks */ = {isa = PBXBuildFile; fileRef = 6B099B21DBCE77889351873A /* Pods_AllStars.framework */; };
		3432CC211D3ED07600FF2F3B /* EventDetailViewController.swift in Sources */ = {isa = PBXBuildFile; fileRef = 3432CC201D3ED07600FF2F3B /* EventDetailViewController.swift */; };
		347CE3BC1D3D6D2A0040CB19 /* SettingsViewController.swift in Sources */ = {isa = PBXBuildFile; fileRef = 347CE3BB1D3D6D2A0040CB19 /* SettingsViewController.swift */; };
		347CE3BE1D3D70660040CB19 /* Settings.storyboard in Resources */ = {isa = PBXBuildFile; fileRef = 347CE3BD1D3D70660040CB19 /* Settings.storyboard */; };
		34D67C191D37E0C7002D1DC7 /* About.storyboard in Resources */ = {isa = PBXBuildFile; fileRef = 34D67C181D37E0C7002D1DC7 /* About.storyboard */; };
		34D67C1C1D37FBCB002D1DC7 /* AboutViewController.swift in Sources */ = {isa = PBXBuildFile; fileRef = 34D67C1B1D37FBCB002D1DC7 /* AboutViewController.swift */; };
		34D67C1E1D382447002D1DC7 /* AboutCollaboratorsViewController.swift in Sources */ = {isa = PBXBuildFile; fileRef = 34D67C1D1D382447002D1DC7 /* AboutCollaboratorsViewController.swift */; };
		34E0DC501D392ECD00281B56 /* Collaborators.plist in Resources */ = {isa = PBXBuildFile; fileRef = 34E0DC4F1D392ECD00281B56 /* Collaborators.plist */; };
		9609D73E1CE364D300BF6036 /* textBelatrix@3x.png in Resources */ = {isa = PBXBuildFile; fileRef = 9609D73D1CE364D300BF6036 /* textBelatrix@3x.png */; };
		9609D7411CE39AF400BF6036 /* RecommendViewController.swift in Sources */ = {isa = PBXBuildFile; fileRef = 9609D7401CE39AF400BF6036 /* RecommendViewController.swift */; };
		9609D7441CE3A68F00BF6036 /* RecommendBC.swift in Sources */ = {isa = PBXBuildFile; fileRef = 9609D7431CE3A68F00BF6036 /* RecommendBC.swift */; };
		9609D7461CE3A9A800BF6036 /* CategoryBE.swift in Sources */ = {isa = PBXBuildFile; fileRef = 9609D7451CE3A9A800BF6036 /* CategoryBE.swift */; };
		9609D7491CE3AE5400BF6036 /* OSPCrop.swift in Sources */ = {isa = PBXBuildFile; fileRef = 9609D7481CE3AE5400BF6036 /* OSPCrop.swift */; };
		9613BBFA1CE4BD9500533FAF /* check@2x.png in Resources */ = {isa = PBXBuildFile; fileRef = 9613BBF11CE4BD9500533FAF /* check@2x.png */; };
		9613BBFB1CE4BD9500533FAF /* OSPOptionList.m in Sources */ = {isa = PBXBuildFile; fileRef = 9613BBF31CE4BD9500533FAF /* OSPOptionList.m */; };
		9613BBFC1CE4BD9500533FAF /* OSPOptionList.xib in Resources */ = {isa = PBXBuildFile; fileRef = 9613BBF41CE4BD9500533FAF /* OSPOptionList.xib */; };
		9613BBFD1CE4BD9500533FAF /* OSPOptionListCell.m in Sources */ = {isa = PBXBuildFile; fileRef = 9613BBF61CE4BD9500533FAF /* OSPOptionListCell.m */; };
		9613BBFE1CE4BD9500533FAF /* OSPOptionListCell.xib in Resources */ = {isa = PBXBuildFile; fileRef = 9613BBF71CE4BD9500533FAF /* OSPOptionListCell.xib */; };
		9613BBFF1CE4BD9500533FAF /* OSPOptionListItem.m in Sources */ = {isa = PBXBuildFile; fileRef = 9613BBF91CE4BD9500533FAF /* OSPOptionListItem.m */; };
		961A31901CDCC8E800D43012 /* placeHolderProfile@3x.png in Resources */ = {isa = PBXBuildFile; fileRef = 961A318F1CDCC8E800D43012 /* placeHolderProfile@3x.png */; };
		9637DE121CE21EA2002AA60E /* iconBack@3x.png in Resources */ = {isa = PBXBuildFile; fileRef = 9637DE111CE21EA2002AA60E /* iconBack@3x.png */; };
		9637DE141CE2306A002AA60E /* iconAdd@3x.png in Resources */ = {isa = PBXBuildFile; fileRef = 9637DE131CE2306A002AA60E /* iconAdd@3x.png */; };
		9638EF3F1CDCF52800D07D51 /* StarSubCategoryBE.swift in Sources */ = {isa = PBXBuildFile; fileRef = 9638EF3E1CDCF52800D07D51 /* StarSubCategoryBE.swift */; };
		9638EF441CDCFBCC00D07D51 /* StarSubCategoriesCollectionViewCell.swift in Sources */ = {isa = PBXBuildFile; fileRef = 9638EF431CDCFBCC00D07D51 /* StarSubCategoriesCollectionViewCell.swift */; };
		9638EF461CDD0DA800D07D51 /* iconNext@3x.png in Resources */ = {isa = PBXBuildFile; fileRef = 9638EF451CDD0DA800D07D51 /* iconNext@3x.png */; };
		964823351CE4DDBB007E58FE /* SubCategoryBE.swift in Sources */ = {isa = PBXBuildFile; fileRef = 964823341CE4DDBB007E58FE /* SubCategoryBE.swift */; };
		964823371CE4EF38007E58FE /* KeywordBE.swift in Sources */ = {isa = PBXBuildFile; fileRef = 964823361CE4EF38007E58FE /* KeywordBE.swift */; };
		964823391CE50C82007E58FE /* RateUserBE.swift in Sources */ = {isa = PBXBuildFile; fileRef = 964823381CE50C82007E58FE /* RateUserBE.swift */; };
		966BA8DD1CEA091900C240D7 /* UserRankingViewController.swift in Sources */ = {isa = PBXBuildFile; fileRef = 966BA8DC1CEA091900C240D7 /* UserRankingViewController.swift */; };
		96757BE31CE0CA6000BA216A /* StarsCategoriesUserViewController.swift in Sources */ = {isa = PBXBuildFile; fileRef = 96757BE21CE0CA6000BA216A /* StarsCategoriesUserViewController.swift */; };
		96757BE51CE0D56E00BA216A /* StarUserInfoTableViewCell.swift in Sources */ = {isa = PBXBuildFile; fileRef = 96757BE41CE0D56E00BA216A /* StarUserInfoTableViewCell.swift */; };
		96757BE71CE0DD5F00BA216A /* UserQualifyBE.swift in Sources */ = {isa = PBXBuildFile; fileRef = 96757BE61CE0DD5F00BA216A /* UserQualifyBE.swift */; };
		96757BEB1CE0E1DB00BA216A /* OSPDateManager.m in Sources */ = {isa = PBXBuildFile; fileRef = 96757BEA1CE0E1DA00BA216A /* OSPDateManager.m */; };
		96757BED1CE0EF2300BA216A /* iconDown@3x.png in Resources */ = {isa = PBXBuildFile; fileRef = 96757BEC1CE0EF2300BA216A /* iconDown@3x.png */; };
		96AC74971CDB73AF00D993E7 /* AppDelegate.swift in Sources */ = {isa = PBXBuildFile; fileRef = 96AC74961CDB73AF00D993E7 /* AppDelegate.swift */; };
		96AC749E1CDB73AF00D993E7 /* Assets.xcassets in Resources */ = {isa = PBXBuildFile; fileRef = 96AC749D1CDB73AF00D993E7 /* Assets.xcassets */; };
		96AC74A11CDB73AF00D993E7 /* LaunchScreen.storyboard in Resources */ = {isa = PBXBuildFile; fileRef = 96AC749F1CDB73AF00D993E7 /* LaunchScreen.storyboard */; };
		96AC74AC1CDB73AF00D993E7 /* AllStarsTests.swift in Sources */ = {isa = PBXBuildFile; fileRef = 96AC74AB1CDB73AF00D993E7 /* AllStarsTests.swift */; };
		96AC74B71CDB73AF00D993E7 /* AllStarsUITests.swift in Sources */ = {isa = PBXBuildFile; fileRef = 96AC74B61CDB73AF00D993E7 /* AllStarsUITests.swift */; };
		96AC74D01CDB765800D993E7 /* OSPWebModel.swift in Sources */ = {isa = PBXBuildFile; fileRef = 96AC74CC1CDB765800D993E7 /* OSPWebModel.swift */; };
		96AC74D21CDB765800D993E7 /* OSPWebSender.swift in Sources */ = {isa = PBXBuildFile; fileRef = 96AC74CE1CDB765800D993E7 /* OSPWebSender.swift */; };
		96AC74D31CDB765800D993E7 /* OSPWebTranslator.swift in Sources */ = {isa = PBXBuildFile; fileRef = 96AC74CF1CDB765800D993E7 /* OSPWebTranslator.swift */; };
		96AC74D51CDB76F800D993E7 /* LogInViewController.swift in Sources */ = {isa = PBXBuildFile; fileRef = 96AC74D41CDB76F800D993E7 /* LogInViewController.swift */; };
		96AC74D71CDB770100D993E7 /* LogIn.storyboard in Resources */ = {isa = PBXBuildFile; fileRef = 96AC74D61CDB770100D993E7 /* LogIn.storyboard */; };
		96AC74DA1CDB7C0800D993E7 /* logo@3x.png in Resources */ = {isa = PBXBuildFile; fileRef = 96AC74D91CDB7C0800D993E7 /* logo@3x.png */; };
		96AC74DD1CDB7D5E00D993E7 /* User.swift in Sources */ = {isa = PBXBuildFile; fileRef = 96AC74DC1CDB7D5E00D993E7 /* User.swift */; };
		96AC74DF1CDB80D400D993E7 /* LoginBC.swift in Sources */ = {isa = PBXBuildFile; fileRef = 96AC74DE1CDB80D400D993E7 /* LoginBC.swift */; };
		96AC74E61CDB9A4A00D993E7 /* OSPUserAlerts.swift in Sources */ = {isa = PBXBuildFile; fileRef = 96AC74E51CDB9A4A00D993E7 /* OSPUserAlerts.swift */; };
		96AC74E81CDB9F4700D993E7 /* TabBar.storyboard in Resources */ = {isa = PBXBuildFile; fileRef = 96AC74E71CDB9F4700D993E7 /* TabBar.storyboard */; };
		96AC74EB1CDB9FCA00D993E7 /* Profile.storyboard in Resources */ = {isa = PBXBuildFile; fileRef = 96AC74EA1CDB9FCA00D993E7 /* Profile.storyboard */; };
		96AC74EE1CDBB60200D993E7 /* CustomTabBarViewController.swift in Sources */ = {isa = PBXBuildFile; fileRef = 96AC74ED1CDBB60200D993E7 /* CustomTabBarViewController.swift */; };
		96AC74F01CDBB65400D993E7 /* ProfileViewController.swift in Sources */ = {isa = PBXBuildFile; fileRef = 96AC74EF1CDBB65400D993E7 /* ProfileViewController.swift */; };
		96AC74F51CDBECB800D993E7 /* OSPImageDownloaded.m in Sources */ = {isa = PBXBuildFile; fileRef = 96AC74F41CDBECB800D993E7 /* OSPImageDownloaded.m */; };
		96B2A0CC1CE6165900C8F97D /* Ranking.storyboard in Resources */ = {isa = PBXBuildFile; fileRef = 96B2A0CB1CE6165900C8F97D /* Ranking.storyboard */; };
		96B2A0CE1CE6167F00C8F97D /* RankingViewController.swift in Sources */ = {isa = PBXBuildFile; fileRef = 96B2A0CD1CE6167F00C8F97D /* RankingViewController.swift */; };
		96B2A0D01CE6307200C8F97D /* UserRankingBE.swift in Sources */ = {isa = PBXBuildFile; fileRef = 96B2A0CF1CE6307200C8F97D /* UserRankingBE.swift */; };
		96B2A0D31CE632B300C8F97D /* RankingBC.swift in Sources */ = {isa = PBXBuildFile; fileRef = 96B2A0D21CE632B300C8F97D /* RankingBC.swift */; };
		96B2A0D51CE635DD00C8F97D /* iconTabBar_1@3x.png in Resources */ = {isa = PBXBuildFile; fileRef = 96B2A0D41CE635DD00C8F97D /* iconTabBar_1@3x.png */; };
		96B2A0D71CE63AD800C8F97D /* UserRankingTableViewCell.swift in Sources */ = {isa = PBXBuildFile; fileRef = 96B2A0D61CE63AD800C8F97D /* UserRankingTableViewCell.swift */; };
		96B2A0D91CE63DEB00C8F97D /* iconCup@3x.png in Resources */ = {isa = PBXBuildFile; fileRef = 96B2A0D81CE63DEB00C8F97D /* iconCup@3x.png */; };
		96C68EBC1CE65B2100F072AA /* iconCup_0@3x.png in Resources */ = {isa = PBXBuildFile; fileRef = 96C68EB81CE65B2100F072AA /* iconCup_0@3x.png */; };
		96C68EBD1CE65B2100F072AA /* iconCup_1@3x.png in Resources */ = {isa = PBXBuildFile; fileRef = 96C68EB91CE65B2100F072AA /* iconCup_1@3x.png */; };
		96C68EBE1CE65B2100F072AA /* iconCup_2@3x.png in Resources */ = {isa = PBXBuildFile; fileRef = 96C68EBA1CE65B2100F072AA /* iconCup_2@3x.png */; };
		96C68EBF1CE65B2100F072AA /* iconCup_3@3x.png in Resources */ = {isa = PBXBuildFile; fileRef = 96C68EBB1CE65B2100F072AA /* iconCup_3@3x.png */; };
		96E41EE51CE2368F0071D49E /* Recommend.storyboard in Resources */ = {isa = PBXBuildFile; fileRef = 96E41EE41CE2368F0071D49E /* Recommend.storyboard */; };
		96E41EE71CE23E4A0071D49E /* iconTabBar_0@3x.png in Resources */ = {isa = PBXBuildFile; fileRef = 96E41EE61CE23E4A0071D49E /* iconTabBar_0@3x.png */; };
		96E41EEA1CE24AAE0071D49E /* ListEmployeeViewController.swift in Sources */ = {isa = PBXBuildFile; fileRef = 96E41EE91CE24AAE0071D49E /* ListEmployeeViewController.swift */; };
		96E41EED1CE24CC50071D49E /* SearchBC.swift in Sources */ = {isa = PBXBuildFile; fileRef = 96E41EEC1CE24CC50071D49E /* SearchBC.swift */; };
		96E41EEF1CE260220071D49E /* iconTabBar_2@3x.png in Resources */ = {isa = PBXBuildFile; fileRef = 96E41EEE1CE260220071D49E /* iconTabBar_2@3x.png */; };
		96E41EF11CE2604C0071D49E /* Search.storyboard in Resources */ = {isa = PBXBuildFile; fileRef = 96E41EF01CE2604C0071D49E /* Search.storyboard */; };
		96E41EF31CE2715B0071D49E /* EmployeeBE.swift in Sources */ = {isa = PBXBuildFile; fileRef = 96E41EF21CE2715B0071D49E /* EmployeeBE.swift */; };
		96E41EF71CE27A2A0071D49E /* EmployeeTableViewCell.swift in Sources */ = {isa = PBXBuildFile; fileRef = 96E41EF61CE27A2A0071D49E /* EmployeeTableViewCell.swift */; };
		B62AA0EC1D144576008FB75A /* Color.swift in Sources */ = {isa = PBXBuildFile; fileRef = B62AA0E91D144576008FB75A /* Color.swift */; };
		B62AA0ED1D144576008FB75A /* QualityImage.swift in Sources */ = {isa = PBXBuildFile; fileRef = B62AA0EA1D144576008FB75A /* QualityImage.swift */; };
		B62AA0EE1D144576008FB75A /* UIColorExtension.swift in Sources */ = {isa = PBXBuildFile; fileRef = B62AA0EB1D144576008FB75A /* UIColorExtension.swift */; };
		B62AA0F01D145465008FB75A /* lock@3x.png in Resources */ = {isa = PBXBuildFile; fileRef = B62AA0EF1D145465008FB75A /* lock@3x.png */; };
		B62AA0F21D147EA4008FB75A /* mail@3x.png in Resources */ = {isa = PBXBuildFile; fileRef = B62AA0F11D147EA4008FB75A /* mail@3x.png */; };
		B63FA5B01D1C3202009D0EE3 /* FBSDKCoreKit.framework in Frameworks */ = {isa = PBXBuildFile; fileRef = B63FA5AE1D1C3202009D0EE3 /* FBSDKCoreKit.framework */; };
		B63FA5B11D1C3202009D0EE3 /* FBSDKLoginKit.framework in Frameworks */ = {isa = PBXBuildFile; fileRef = B63FA5AF1D1C3202009D0EE3 /* FBSDKLoginKit.framework */; };
		B66204D01D2D6E7000841573 /* EventTableViewCell.swift in Sources */ = {isa = PBXBuildFile; fileRef = B66204CF1D2D6E7000841573 /* EventTableViewCell.swift */; };
		B66204D41D2D93B400841573 /* Event.swift in Sources */ = {isa = PBXBuildFile; fileRef = B66204D31D2D93B400841573 /* Event.swift */; };
		B66204D61D2DA53300841573 /* EventBC.swift in Sources */ = {isa = PBXBuildFile; fileRef = B66204D51D2DA53300841573 /* EventBC.swift */; };
		B66204DA1D2DAE2600841573 /* placeholder_general@3x.png in Resources */ = {isa = PBXBuildFile; fileRef = B66204D91D2DAE2600841573 /* placeholder_general@3x.png */; };
		B66FBC771D00C7E600C058F7 /* EditProfileViewController.swift in Sources */ = {isa = PBXBuildFile; fileRef = B66FBC761D00C7E600C058F7 /* EditProfileViewController.swift */; };
		B66FBC791D00CB9200C058F7 /* camera@3x.png in Resources */ = {isa = PBXBuildFile; fileRef = B66FBC781D00CB9200C058F7 /* camera@3x.png */; };
		B66FBC7B1D00D0FD00C058F7 /* LocationTableViewCell.swift in Sources */ = {isa = PBXBuildFile; fileRef = B66FBC7A1D00D0FD00C058F7 /* LocationTableViewCell.swift */; };
		B66FBC7D1D00D1E100C058F7 /* LocationBE.swift in Sources */ = {isa = PBXBuildFile; fileRef = B66FBC7C1D00D1E100C058F7 /* LocationBE.swift */; };
		B6A36C6F1D09C53C00222D1F /* ProfileBC.swift in Sources */ = {isa = PBXBuildFile; fileRef = B6A36C6E1D09C53C00222D1F /* ProfileBC.swift */; };
		B6A36C711D09C56400222D1F /* ResetPasswordViewController.swift in Sources */ = {isa = PBXBuildFile; fileRef = B6A36C701D09C56400222D1F /* ResetPasswordViewController.swift */; };
		B6A39C471CFDD54200DA42E3 /* SignUp.storyboard in Resources */ = {isa = PBXBuildFile; fileRef = B6A39C461CFDD54200DA42E3 /* SignUp.storyboard */; };
		B6A39C4B1CFDDE5E00DA42E3 /* SignUpViewController.swift in Sources */ = {isa = PBXBuildFile; fileRef = B6A39C4A1CFDDE5E00DA42E3 /* SignUpViewController.swift */; };
		B6A39C4F1CFDF04800DA42E3 /* ListTagsViewController.swift in Sources */ = {isa = PBXBuildFile; fileRef = B6A39C4E1CFDF04800DA42E3 /* ListTagsViewController.swift */; };
		B6A39C511CFDF80200DA42E3 /* TagTableViewCell.swift in Sources */ = {isa = PBXBuildFile; fileRef = B6A39C501CFDF80200DA42E3 /* TagTableViewCell.swift */; };
		B6A39C531CFE1BAE00DA42E3 /* StarKeywordBE.swift in Sources */ = {isa = PBXBuildFile; fileRef = B6A39C521CFE1BAE00DA42E3 /* StarKeywordBE.swift */; };
		B6A39C551CFE207500DA42E3 /* iconTabBar_3@3x.png in Resources */ = {isa = PBXBuildFile; fileRef = B6A39C541CFE207500DA42E3 /* iconTabBar_3@3x.png */; };
		B6A39C571CFE280D00DA42E3 /* ic_user@3x.png in Resources */ = {isa = PBXBuildFile; fileRef = B6A39C561CFE280D00DA42E3 /* ic_user@3x.png */; };
		B6A7AFC11D26BC5D0083883B /* LogInGuestViewController.swift in Sources */ = {isa = PBXBuildFile; fileRef = B6A7AFC01D26BC5D0083883B /* LogInGuestViewController.swift */; };
		B6A7AFC31D26C2850083883B /* users@3x.png in Resources */ = {isa = PBXBuildFile; fileRef = B6A7AFC21D26C2850083883B /* users@3x.png */; };
		B6A7AFC51D26CF000083883B /* UserGuest.swift in Sources */ = {isa = PBXBuildFile; fileRef = B6A7AFC41D26CF000083883B /* UserGuest.swift */; };
		B6A7AFC71D270A590083883B /* LogInGuestEmailViewController.swift in Sources */ = {isa = PBXBuildFile; fileRef = B6A7AFC61D270A590083883B /* LogInGuestEmailViewController.swift */; };
		B6A7AFCA1D2717140083883B /* EventsViewController.swift in Sources */ = {isa = PBXBuildFile; fileRef = B6A7AFC91D2717140083883B /* EventsViewController.swift */; };
		B6A7AFCD1D27172F0083883B /* Event.storyboard in Resources */ = {isa = PBXBuildFile; fileRef = B6A7AFCC1D27172F0083883B /* Event.storyboard */; };
		B6B3408E1D0B283400495CD2 /* SessionUD.swift in Sources */ = {isa = PBXBuildFile; fileRef = B6B3408D1D0B283400495CD2 /* SessionUD.swift */; };
		B6C09DAC1D133800006C1D43 /* ErrorResponse.swift in Sources */ = {isa = PBXBuildFile; fileRef = B6C09DAB1D133800006C1D43 /* ErrorResponse.swift */; };
		B6C09DAE1D13453A006C1D43 /* ExtString.swift in Sources */ = {isa = PBXBuildFile; fileRef = B6C09DAD1D13453A006C1D43 /* ExtString.swift */; };
		B6C09DB01D134598006C1D43 /* Localizable.strings in Resources */ = {isa = PBXBuildFile; fileRef = B6C09DAF1D134598006C1D43 /* Localizable.strings */; };
		B6C152231D087E6800D8D180 /* SignUpBC.swift in Sources */ = {isa = PBXBuildFile; fileRef = B6C152221D087E6800D8D180 /* SignUpBC.swift */; };
		B6C152261D08822B00D8D180 /* Util.swift in Sources */ = {isa = PBXBuildFile; fileRef = B6C152251D08822B00D8D180 /* Util.swift */; };
		B6C369EC1D38332F006FCD73 /* GoogleService-Info.plist in Resources */ = {isa = PBXBuildFile; fileRef = B6C369EB1D38332F006FCD73 /* GoogleService-Info.plist */; };
		B6CA97901D09B556005FF6D6 /* UserSession.swift in Sources */ = {isa = PBXBuildFile; fileRef = B6CA978F1D09B556005FF6D6 /* UserSession.swift */; };
		B6CA97921D09BB43005FF6D6 /* Constants.swift in Sources */ = {isa = PBXBuildFile; fileRef = B6CA97911D09BB43005FF6D6 /* Constants.swift */; };
		B6EE58A61CFF4CD60027B697 /* location@3x.png in Resources */ = {isa = PBXBuildFile; fileRef = B6EE58A41CFF4CD60027B697 /* location@3x.png */; };
		B6EE58A71CFF4CD60027B697 /* logo_skype@3x.png in Resources */ = {isa = PBXBuildFile; fileRef = B6EE58A51CFF4CD60027B697 /* logo_skype@3x.png */; };
		B6EE58A91CFF883B0027B697 /* UserRankingTagViewController.swift in Sources */ = {isa = PBXBuildFile; fileRef = B6EE58A81CFF883B0027B697 /* UserRankingTagViewController.swift */; };
		B6EE58AB1CFF8AF00027B697 /* UserRankingTagTableViewCell.swift in Sources */ = {isa = PBXBuildFile; fileRef = B6EE58AA1CFF8AF00027B697 /* UserRankingTagTableViewCell.swift */; };
		B6EE58AD1CFF91990027B697 /* UserTagBE.swift in Sources */ = {isa = PBXBuildFile; fileRef = B6EE58AC1CFF91990027B697 /* UserTagBE.swift */; };
		B6F770141D37F8FA004F3607 /* UserDevice.swift in Sources */ = {isa = PBXBuildFile; fileRef = B6F770131D37F8F9004F3607 /* UserDevice.swift */; };
/* End PBXBuildFile section */

/* Begin PBXContainerItemProxy section */
		96AC74A81CDB73AF00D993E7 /* PBXContainerItemProxy */ = {
			isa = PBXContainerItemProxy;
			containerPortal = 96AC748B1CDB73AF00D993E7 /* Project object */;
			proxyType = 1;
			remoteGlobalIDString = 96AC74921CDB73AF00D993E7;
			remoteInfo = AllStars;
		};
		96AC74B31CDB73AF00D993E7 /* PBXContainerItemProxy */ = {
			isa = PBXContainerItemProxy;
			containerPortal = 96AC748B1CDB73AF00D993E7 /* Project object */;
			proxyType = 1;
			remoteGlobalIDString = 96AC74921CDB73AF00D993E7;
			remoteInfo = AllStars;
		};
/* End PBXContainerItemProxy section */

/* Begin PBXFileReference section */
		096506E97712267EE8D873B8 /* Pods-AllStars.release.xcconfig */ = {isa = PBXFileReference; includeInIndex = 1; lastKnownFileType = text.xcconfig; name = "Pods-AllStars.release.xcconfig"; path = "Pods/Target Support Files/Pods-AllStars/Pods-AllStars.release.xcconfig"; sourceTree = "<group>"; };
		3432CC201D3ED07600FF2F3B /* EventDetailViewController.swift */ = {isa = PBXFileReference; fileEncoding = 4; lastKnownFileType = sourcecode.swift; name = EventDetailViewController.swift; path = Event/EventDetailViewController.swift; sourceTree = "<group>"; };
		347CE3BB1D3D6D2A0040CB19 /* SettingsViewController.swift */ = {isa = PBXFileReference; fileEncoding = 4; lastKnownFileType = sourcecode.swift; path = SettingsViewController.swift; sourceTree = "<group>"; };
		347CE3BD1D3D70660040CB19 /* Settings.storyboard */ = {isa = PBXFileReference; fileEncoding = 4; lastKnownFileType = file.storyboard; path = Settings.storyboard; sourceTree = "<group>"; };
		34D67C181D37E0C7002D1DC7 /* About.storyboard */ = {isa = PBXFileReference; fileEncoding = 4; lastKnownFileType = file.storyboard; path = About.storyboard; sourceTree = "<group>"; };
		34D67C1B1D37FBCB002D1DC7 /* AboutViewController.swift */ = {isa = PBXFileReference; fileEncoding = 4; lastKnownFileType = sourcecode.swift; path = AboutViewController.swift; sourceTree = "<group>"; };
		34D67C1D1D382447002D1DC7 /* AboutCollaboratorsViewController.swift */ = {isa = PBXFileReference; fileEncoding = 4; lastKnownFileType = sourcecode.swift; path = AboutCollaboratorsViewController.swift; sourceTree = "<group>"; };
		34E0DC4F1D392ECD00281B56 /* Collaborators.plist */ = {isa = PBXFileReference; fileEncoding = 4; lastKnownFileType = text.plist.xml; path = Collaborators.plist; sourceTree = "<group>"; };
		6891701F3BB249E13689ABBA /* Pods-AllStars.debug.xcconfig */ = {isa = PBXFileReference; includeInIndex = 1; lastKnownFileType = text.xcconfig; name = "Pods-AllStars.debug.xcconfig"; path = "Pods/Target Support Files/Pods-AllStars/Pods-AllStars.debug.xcconfig"; sourceTree = "<group>"; };
		6B099B21DBCE77889351873A /* Pods_AllStars.framework */ = {isa = PBXFileReference; explicitFileType = wrapper.framework; includeInIndex = 0; path = Pods_AllStars.framework; sourceTree = BUILT_PRODUCTS_DIR; };
		9609D73D1CE364D300BF6036 /* textBelatrix@3x.png */ = {isa = PBXFileReference; lastKnownFileType = image.png; path = "textBelatrix@3x.png"; sourceTree = "<group>"; };
		9609D7401CE39AF400BF6036 /* RecommendViewController.swift */ = {isa = PBXFileReference; fileEncoding = 4; lastKnownFileType = sourcecode.swift; path = RecommendViewController.swift; sourceTree = "<group>"; };
		9609D7431CE3A68F00BF6036 /* RecommendBC.swift */ = {isa = PBXFileReference; fileEncoding = 4; lastKnownFileType = sourcecode.swift; path = RecommendBC.swift; sourceTree = "<group>"; };
		9609D7451CE3A9A800BF6036 /* CategoryBE.swift */ = {isa = PBXFileReference; fileEncoding = 4; lastKnownFileType = sourcecode.swift; path = CategoryBE.swift; sourceTree = "<group>"; };
		9609D7481CE3AE5400BF6036 /* OSPCrop.swift */ = {isa = PBXFileReference; fileEncoding = 4; lastKnownFileType = sourcecode.swift; path = OSPCrop.swift; sourceTree = "<group>"; };
		9613BBF11CE4BD9500533FAF /* check@2x.png */ = {isa = PBXFileReference; lastKnownFileType = image.png; path = "check@2x.png"; sourceTree = "<group>"; };
		9613BBF21CE4BD9500533FAF /* OSPOptionList.h */ = {isa = PBXFileReference; fileEncoding = 4; lastKnownFileType = sourcecode.c.h; path = OSPOptionList.h; sourceTree = "<group>"; };
		9613BBF31CE4BD9500533FAF /* OSPOptionList.m */ = {isa = PBXFileReference; fileEncoding = 4; lastKnownFileType = sourcecode.c.objc; path = OSPOptionList.m; sourceTree = "<group>"; };
		9613BBF41CE4BD9500533FAF /* OSPOptionList.xib */ = {isa = PBXFileReference; fileEncoding = 4; lastKnownFileType = file.xib; path = OSPOptionList.xib; sourceTree = "<group>"; };
		9613BBF51CE4BD9500533FAF /* OSPOptionListCell.h */ = {isa = PBXFileReference; fileEncoding = 4; lastKnownFileType = sourcecode.c.h; path = OSPOptionListCell.h; sourceTree = "<group>"; };
		9613BBF61CE4BD9500533FAF /* OSPOptionListCell.m */ = {isa = PBXFileReference; fileEncoding = 4; lastKnownFileType = sourcecode.c.objc; path = OSPOptionListCell.m; sourceTree = "<group>"; };
		9613BBF71CE4BD9500533FAF /* OSPOptionListCell.xib */ = {isa = PBXFileReference; fileEncoding = 4; lastKnownFileType = file.xib; path = OSPOptionListCell.xib; sourceTree = "<group>"; };
		9613BBF81CE4BD9500533FAF /* OSPOptionListItem.h */ = {isa = PBXFileReference; fileEncoding = 4; lastKnownFileType = sourcecode.c.h; path = OSPOptionListItem.h; sourceTree = "<group>"; };
		9613BBF91CE4BD9500533FAF /* OSPOptionListItem.m */ = {isa = PBXFileReference; fileEncoding = 4; lastKnownFileType = sourcecode.c.objc; path = OSPOptionListItem.m; sourceTree = "<group>"; };
		961A318F1CDCC8E800D43012 /* placeHolderProfile@3x.png */ = {isa = PBXFileReference; lastKnownFileType = image.png; path = "placeHolderProfile@3x.png"; sourceTree = "<group>"; };
		9637DE111CE21EA2002AA60E /* iconBack@3x.png */ = {isa = PBXFileReference; lastKnownFileType = image.png; path = "iconBack@3x.png"; sourceTree = "<group>"; };
		9637DE131CE2306A002AA60E /* iconAdd@3x.png */ = {isa = PBXFileReference; lastKnownFileType = image.png; path = "iconAdd@3x.png"; sourceTree = "<group>"; };
		9638EF3E1CDCF52800D07D51 /* StarSubCategoryBE.swift */ = {isa = PBXFileReference; fileEncoding = 4; lastKnownFileType = sourcecode.swift; path = StarSubCategoryBE.swift; sourceTree = "<group>"; };
		9638EF431CDCFBCC00D07D51 /* StarSubCategoriesCollectionViewCell.swift */ = {isa = PBXFileReference; fileEncoding = 4; lastKnownFileType = sourcecode.swift; path = StarSubCategoriesCollectionViewCell.swift; sourceTree = "<group>"; };
		9638EF451CDD0DA800D07D51 /* iconNext@3x.png */ = {isa = PBXFileReference; lastKnownFileType = image.png; path = "iconNext@3x.png"; sourceTree = "<group>"; };
		964823341CE4DDBB007E58FE /* SubCategoryBE.swift */ = {isa = PBXFileReference; fileEncoding = 4; lastKnownFileType = sourcecode.swift; path = SubCategoryBE.swift; sourceTree = "<group>"; };
		964823361CE4EF38007E58FE /* KeywordBE.swift */ = {isa = PBXFileReference; fileEncoding = 4; lastKnownFileType = sourcecode.swift; path = KeywordBE.swift; sourceTree = "<group>"; };
		964823381CE50C82007E58FE /* RateUserBE.swift */ = {isa = PBXFileReference; fileEncoding = 4; lastKnownFileType = sourcecode.swift; path = RateUserBE.swift; sourceTree = "<group>"; };
		966BA8DC1CEA091900C240D7 /* UserRankingViewController.swift */ = {isa = PBXFileReference; fileEncoding = 4; lastKnownFileType = sourcecode.swift; path = UserRankingViewController.swift; sourceTree = "<group>"; };
		96757BE21CE0CA6000BA216A /* StarsCategoriesUserViewController.swift */ = {isa = PBXFileReference; fileEncoding = 4; lastKnownFileType = sourcecode.swift; path = StarsCategoriesUserViewController.swift; sourceTree = "<group>"; };
		96757BE41CE0D56E00BA216A /* StarUserInfoTableViewCell.swift */ = {isa = PBXFileReference; fileEncoding = 4; lastKnownFileType = sourcecode.swift; path = StarUserInfoTableViewCell.swift; sourceTree = "<group>"; };
		96757BE61CE0DD5F00BA216A /* UserQualifyBE.swift */ = {isa = PBXFileReference; fileEncoding = 4; lastKnownFileType = sourcecode.swift; path = UserQualifyBE.swift; sourceTree = "<group>"; };
		96757BE91CE0E1DA00BA216A /* OSPDateManager.h */ = {isa = PBXFileReference; fileEncoding = 4; lastKnownFileType = sourcecode.c.h; path = OSPDateManager.h; sourceTree = "<group>"; };
		96757BEA1CE0E1DA00BA216A /* OSPDateManager.m */ = {isa = PBXFileReference; fileEncoding = 4; lastKnownFileType = sourcecode.c.objc; path = OSPDateManager.m; sourceTree = "<group>"; };
		96757BEC1CE0EF2300BA216A /* iconDown@3x.png */ = {isa = PBXFileReference; lastKnownFileType = image.png; path = "iconDown@3x.png"; sourceTree = "<group>"; };
		96AC74931CDB73AF00D993E7 /* AllStars.app */ = {isa = PBXFileReference; explicitFileType = wrapper.application; includeInIndex = 0; path = AllStars.app; sourceTree = BUILT_PRODUCTS_DIR; };
		96AC74961CDB73AF00D993E7 /* AppDelegate.swift */ = {isa = PBXFileReference; lastKnownFileType = sourcecode.swift; path = AppDelegate.swift; sourceTree = "<group>"; };
		96AC749D1CDB73AF00D993E7 /* Assets.xcassets */ = {isa = PBXFileReference; lastKnownFileType = folder.assetcatalog; path = Assets.xcassets; sourceTree = "<group>"; };
		96AC74A01CDB73AF00D993E7 /* Base */ = {isa = PBXFileReference; lastKnownFileType = file.storyboard; name = Base; path = Base.lproj/LaunchScreen.storyboard; sourceTree = "<group>"; };
		96AC74A21CDB73AF00D993E7 /* Info.plist */ = {isa = PBXFileReference; lastKnownFileType = text.plist.xml; path = Info.plist; sourceTree = "<group>"; };
		96AC74A71CDB73AF00D993E7 /* AllStarsTests.xctest */ = {isa = PBXFileReference; explicitFileType = wrapper.cfbundle; includeInIndex = 0; path = AllStarsTests.xctest; sourceTree = BUILT_PRODUCTS_DIR; };
		96AC74AB1CDB73AF00D993E7 /* AllStarsTests.swift */ = {isa = PBXFileReference; lastKnownFileType = sourcecode.swift; path = AllStarsTests.swift; sourceTree = "<group>"; };
		96AC74AD1CDB73AF00D993E7 /* Info.plist */ = {isa = PBXFileReference; lastKnownFileType = text.plist.xml; path = Info.plist; sourceTree = "<group>"; };
		96AC74B21CDB73AF00D993E7 /* AllStarsUITests.xctest */ = {isa = PBXFileReference; explicitFileType = wrapper.cfbundle; includeInIndex = 0; path = AllStarsUITests.xctest; sourceTree = BUILT_PRODUCTS_DIR; };
		96AC74B61CDB73AF00D993E7 /* AllStarsUITests.swift */ = {isa = PBXFileReference; lastKnownFileType = sourcecode.swift; path = AllStarsUITests.swift; sourceTree = "<group>"; };
		96AC74B81CDB73AF00D993E7 /* Info.plist */ = {isa = PBXFileReference; lastKnownFileType = text.plist.xml; path = Info.plist; sourceTree = "<group>"; };
		96AC74CC1CDB765800D993E7 /* OSPWebModel.swift */ = {isa = PBXFileReference; fileEncoding = 4; lastKnownFileType = sourcecode.swift; path = OSPWebModel.swift; sourceTree = "<group>"; };
		96AC74CE1CDB765800D993E7 /* OSPWebSender.swift */ = {isa = PBXFileReference; fileEncoding = 4; lastKnownFileType = sourcecode.swift; path = OSPWebSender.swift; sourceTree = "<group>"; };
		96AC74CF1CDB765800D993E7 /* OSPWebTranslator.swift */ = {isa = PBXFileReference; fileEncoding = 4; lastKnownFileType = sourcecode.swift; path = OSPWebTranslator.swift; sourceTree = "<group>"; };
		96AC74D41CDB76F800D993E7 /* LogInViewController.swift */ = {isa = PBXFileReference; fileEncoding = 4; lastKnownFileType = sourcecode.swift; path = LogInViewController.swift; sourceTree = "<group>"; };
		96AC74D61CDB770100D993E7 /* LogIn.storyboard */ = {isa = PBXFileReference; fileEncoding = 4; lastKnownFileType = file.storyboard; path = LogIn.storyboard; sourceTree = "<group>"; };
		96AC74D91CDB7C0800D993E7 /* logo@3x.png */ = {isa = PBXFileReference; lastKnownFileType = image.png; path = "logo@3x.png"; sourceTree = "<group>"; };
		96AC74DC1CDB7D5E00D993E7 /* User.swift */ = {isa = PBXFileReference; fileEncoding = 4; lastKnownFileType = sourcecode.swift; path = User.swift; sourceTree = "<group>"; };
		96AC74DE1CDB80D400D993E7 /* LoginBC.swift */ = {isa = PBXFileReference; fileEncoding = 4; lastKnownFileType = sourcecode.swift; path = LoginBC.swift; sourceTree = "<group>"; };
		96AC74E51CDB9A4A00D993E7 /* OSPUserAlerts.swift */ = {isa = PBXFileReference; fileEncoding = 4; lastKnownFileType = sourcecode.swift; path = OSPUserAlerts.swift; sourceTree = "<group>"; };
		96AC74E71CDB9F4700D993E7 /* TabBar.storyboard */ = {isa = PBXFileReference; fileEncoding = 4; lastKnownFileType = file.storyboard; path = TabBar.storyboard; sourceTree = "<group>"; };
		96AC74EA1CDB9FCA00D993E7 /* Profile.storyboard */ = {isa = PBXFileReference; fileEncoding = 4; lastKnownFileType = file.storyboard; path = Profile.storyboard; sourceTree = "<group>"; };
		96AC74ED1CDBB60200D993E7 /* CustomTabBarViewController.swift */ = {isa = PBXFileReference; fileEncoding = 4; lastKnownFileType = sourcecode.swift; path = CustomTabBarViewController.swift; sourceTree = "<group>"; };
		96AC74EF1CDBB65400D993E7 /* ProfileViewController.swift */ = {isa = PBXFileReference; fileEncoding = 4; lastKnownFileType = sourcecode.swift; path = ProfileViewController.swift; sourceTree = "<group>"; };
		96AC74F11CDBEC6100D993E7 /* AllStars-Bridging-Header.h */ = {isa = PBXFileReference; lastKnownFileType = sourcecode.c.h; path = "AllStars-Bridging-Header.h"; sourceTree = "<group>"; };
		96AC74F31CDBECB800D993E7 /* OSPImageDownloaded.h */ = {isa = PBXFileReference; fileEncoding = 4; lastKnownFileType = sourcecode.c.h; path = OSPImageDownloaded.h; sourceTree = "<group>"; };
		96AC74F41CDBECB800D993E7 /* OSPImageDownloaded.m */ = {isa = PBXFileReference; fileEncoding = 4; lastKnownFileType = sourcecode.c.objc; path = OSPImageDownloaded.m; sourceTree = "<group>"; };
		96B2A0CB1CE6165900C8F97D /* Ranking.storyboard */ = {isa = PBXFileReference; fileEncoding = 4; lastKnownFileType = file.storyboard; path = Ranking.storyboard; sourceTree = "<group>"; };
		96B2A0CD1CE6167F00C8F97D /* RankingViewController.swift */ = {isa = PBXFileReference; fileEncoding = 4; lastKnownFileType = sourcecode.swift; path = RankingViewController.swift; sourceTree = "<group>"; };
		96B2A0CF1CE6307200C8F97D /* UserRankingBE.swift */ = {isa = PBXFileReference; fileEncoding = 4; lastKnownFileType = sourcecode.swift; path = UserRankingBE.swift; sourceTree = "<group>"; };
		96B2A0D21CE632B300C8F97D /* RankingBC.swift */ = {isa = PBXFileReference; fileEncoding = 4; lastKnownFileType = sourcecode.swift; path = RankingBC.swift; sourceTree = "<group>"; };
		96B2A0D41CE635DD00C8F97D /* iconTabBar_1@3x.png */ = {isa = PBXFileReference; lastKnownFileType = image.png; path = "iconTabBar_1@3x.png"; sourceTree = "<group>"; };
		96B2A0D61CE63AD800C8F97D /* UserRankingTableViewCell.swift */ = {isa = PBXFileReference; fileEncoding = 4; lastKnownFileType = sourcecode.swift; path = UserRankingTableViewCell.swift; sourceTree = "<group>"; };
		96B2A0D81CE63DEB00C8F97D /* iconCup@3x.png */ = {isa = PBXFileReference; lastKnownFileType = image.png; path = "iconCup@3x.png"; sourceTree = "<group>"; };
		96C68EB81CE65B2100F072AA /* iconCup_0@3x.png */ = {isa = PBXFileReference; lastKnownFileType = image.png; path = "iconCup_0@3x.png"; sourceTree = "<group>"; };
		96C68EB91CE65B2100F072AA /* iconCup_1@3x.png */ = {isa = PBXFileReference; lastKnownFileType = image.png; path = "iconCup_1@3x.png"; sourceTree = "<group>"; };
		96C68EBA1CE65B2100F072AA /* iconCup_2@3x.png */ = {isa = PBXFileReference; lastKnownFileType = image.png; path = "iconCup_2@3x.png"; sourceTree = "<group>"; };
		96C68EBB1CE65B2100F072AA /* iconCup_3@3x.png */ = {isa = PBXFileReference; lastKnownFileType = image.png; path = "iconCup_3@3x.png"; sourceTree = "<group>"; };
		96E41EE41CE2368F0071D49E /* Recommend.storyboard */ = {isa = PBXFileReference; fileEncoding = 4; lastKnownFileType = file.storyboard; path = Recommend.storyboard; sourceTree = "<group>"; };
		96E41EE61CE23E4A0071D49E /* iconTabBar_0@3x.png */ = {isa = PBXFileReference; lastKnownFileType = image.png; path = "iconTabBar_0@3x.png"; sourceTree = "<group>"; };
		96E41EE91CE24AAE0071D49E /* ListEmployeeViewController.swift */ = {isa = PBXFileReference; fileEncoding = 4; lastKnownFileType = sourcecode.swift; path = ListEmployeeViewController.swift; sourceTree = "<group>"; };
		96E41EEC1CE24CC50071D49E /* SearchBC.swift */ = {isa = PBXFileReference; fileEncoding = 4; lastKnownFileType = sourcecode.swift; path = SearchBC.swift; sourceTree = "<group>"; };
		96E41EEE1CE260220071D49E /* iconTabBar_2@3x.png */ = {isa = PBXFileReference; lastKnownFileType = image.png; path = "iconTabBar_2@3x.png"; sourceTree = "<group>"; };
		96E41EF01CE2604C0071D49E /* Search.storyboard */ = {isa = PBXFileReference; fileEncoding = 4; lastKnownFileType = file.storyboard; path = Search.storyboard; sourceTree = "<group>"; };
		96E41EF21CE2715B0071D49E /* EmployeeBE.swift */ = {isa = PBXFileReference; fileEncoding = 4; lastKnownFileType = sourcecode.swift; path = EmployeeBE.swift; sourceTree = "<group>"; };
		96E41EF61CE27A2A0071D49E /* EmployeeTableViewCell.swift */ = {isa = PBXFileReference; fileEncoding = 4; lastKnownFileType = sourcecode.swift; path = EmployeeTableViewCell.swift; sourceTree = "<group>"; };
		B62AA0E91D144576008FB75A /* Color.swift */ = {isa = PBXFileReference; fileEncoding = 4; lastKnownFileType = sourcecode.swift; name = Color.swift; path = Util/Color.swift; sourceTree = "<group>"; };
		B62AA0EA1D144576008FB75A /* QualityImage.swift */ = {isa = PBXFileReference; fileEncoding = 4; lastKnownFileType = sourcecode.swift; name = QualityImage.swift; path = Util/QualityImage.swift; sourceTree = "<group>"; };
		B62AA0EB1D144576008FB75A /* UIColorExtension.swift */ = {isa = PBXFileReference; fileEncoding = 4; lastKnownFileType = sourcecode.swift; name = UIColorExtension.swift; path = Util/UIColorExtension.swift; sourceTree = "<group>"; };
		B62AA0EF1D145465008FB75A /* lock@3x.png */ = {isa = PBXFileReference; lastKnownFileType = image.png; path = "lock@3x.png"; sourceTree = "<group>"; };
		B62AA0F11D147EA4008FB75A /* mail@3x.png */ = {isa = PBXFileReference; lastKnownFileType = image.png; path = "mail@3x.png"; sourceTree = "<group>"; };
		B63FA5A41D1C2D7F009D0EE3 /* FBSDKCoreKit.framework */ = {isa = PBXFileReference; lastKnownFileType = wrapper.framework; name = FBSDKCoreKit.framework; path = "../../../../FacebookSDKs-iOS-4.13.1/FBSDKCoreKit.framework"; sourceTree = "<group>"; };
		B63FA5A51D1C2D7F009D0EE3 /* FBSDKLoginKit.framework */ = {isa = PBXFileReference; lastKnownFileType = wrapper.framework; name = FBSDKLoginKit.framework; path = "../../../../FacebookSDKs-iOS-4.13.1/FBSDKLoginKit.framework"; sourceTree = "<group>"; };
		B63FA5AA1D1C2F19009D0EE3 /* FBSDKCoreKit.framework */ = {isa = PBXFileReference; lastKnownFileType = wrapper.framework; name = FBSDKCoreKit.framework; path = AllStars/FBSDKCoreKit.framework; sourceTree = "<group>"; };
		B63FA5AB1D1C2F19009D0EE3 /* FBSDKLoginKit.framework */ = {isa = PBXFileReference; lastKnownFileType = wrapper.framework; name = FBSDKLoginKit.framework; path = AllStars/FBSDKLoginKit.framework; sourceTree = "<group>"; };
		B63FA5AE1D1C3202009D0EE3 /* FBSDKCoreKit.framework */ = {isa = PBXFileReference; lastKnownFileType = wrapper.framework; path = FBSDKCoreKit.framework; sourceTree = "<group>"; };
		B63FA5AF1D1C3202009D0EE3 /* FBSDKLoginKit.framework */ = {isa = PBXFileReference; lastKnownFileType = wrapper.framework; path = FBSDKLoginKit.framework; sourceTree = "<group>"; };
		B66204CF1D2D6E7000841573 /* EventTableViewCell.swift */ = {isa = PBXFileReference; fileEncoding = 4; lastKnownFileType = sourcecode.swift; name = EventTableViewCell.swift; path = Event/EventTableViewCell.swift; sourceTree = "<group>"; };
		B66204D31D2D93B400841573 /* Event.swift */ = {isa = PBXFileReference; fileEncoding = 4; lastKnownFileType = sourcecode.swift; path = Event.swift; sourceTree = "<group>"; };
		B66204D51D2DA53300841573 /* EventBC.swift */ = {isa = PBXFileReference; fileEncoding = 4; lastKnownFileType = sourcecode.swift; name = EventBC.swift; path = Event/Logic/EventBC.swift; sourceTree = "<group>"; };
		B66204D91D2DAE2600841573 /* placeholder_general@3x.png */ = {isa = PBXFileReference; lastKnownFileType = image.png; path = "placeholder_general@3x.png"; sourceTree = "<group>"; };
		B66FBC761D00C7E600C058F7 /* EditProfileViewController.swift */ = {isa = PBXFileReference; fileEncoding = 4; lastKnownFileType = sourcecode.swift; path = EditProfileViewController.swift; sourceTree = "<group>"; };
		B66FBC781D00CB9200C058F7 /* camera@3x.png */ = {isa = PBXFileReference; lastKnownFileType = image.png; path = "camera@3x.png"; sourceTree = "<group>"; };
		B66FBC7A1D00D0FD00C058F7 /* LocationTableViewCell.swift */ = {isa = PBXFileReference; fileEncoding = 4; lastKnownFileType = sourcecode.swift; path = LocationTableViewCell.swift; sourceTree = "<group>"; };
		B66FBC7C1D00D1E100C058F7 /* LocationBE.swift */ = {isa = PBXFileReference; fileEncoding = 4; lastKnownFileType = sourcecode.swift; path = LocationBE.swift; sourceTree = "<group>"; };
		B6A36C6E1D09C53C00222D1F /* ProfileBC.swift */ = {isa = PBXFileReference; fileEncoding = 4; lastKnownFileType = sourcecode.swift; name = ProfileBC.swift; path = AllStars/iPhone/Classes/Profile/Logic/ProfileBC.swift; sourceTree = SOURCE_ROOT; };
		B6A36C701D09C56400222D1F /* ResetPasswordViewController.swift */ = {isa = PBXFileReference; fileEncoding = 4; lastKnownFileType = sourcecode.swift; path = ResetPasswordViewController.swift; sourceTree = "<group>"; };
		B6A39C461CFDD54200DA42E3 /* SignUp.storyboard */ = {isa = PBXFileReference; fileEncoding = 4; lastKnownFileType = file.storyboard; path = SignUp.storyboard; sourceTree = "<group>"; };
		B6A39C4A1CFDDE5E00DA42E3 /* SignUpViewController.swift */ = {isa = PBXFileReference; fileEncoding = 4; lastKnownFileType = sourcecode.swift; name = SignUpViewController.swift; path = SignUp/SignUpViewController.swift; sourceTree = "<group>"; };
		B6A39C4E1CFDF04800DA42E3 /* ListTagsViewController.swift */ = {isa = PBXFileReference; fileEncoding = 4; lastKnownFileType = sourcecode.swift; path = ListTagsViewController.swift; sourceTree = "<group>"; };
		B6A39C501CFDF80200DA42E3 /* TagTableViewCell.swift */ = {isa = PBXFileReference; fileEncoding = 4; lastKnownFileType = sourcecode.swift; path = TagTableViewCell.swift; sourceTree = "<group>"; };
		B6A39C521CFE1BAE00DA42E3 /* StarKeywordBE.swift */ = {isa = PBXFileReference; fileEncoding = 4; lastKnownFileType = sourcecode.swift; path = StarKeywordBE.swift; sourceTree = "<group>"; };
		B6A39C541CFE207500DA42E3 /* iconTabBar_3@3x.png */ = {isa = PBXFileReference; lastKnownFileType = image.png; path = "iconTabBar_3@3x.png"; sourceTree = "<group>"; };
		B6A39C561CFE280D00DA42E3 /* ic_user@3x.png */ = {isa = PBXFileReference; lastKnownFileType = image.png; path = "ic_user@3x.png"; sourceTree = "<group>"; };
		B6A7AFC01D26BC5D0083883B /* LogInGuestViewController.swift */ = {isa = PBXFileReference; fileEncoding = 4; lastKnownFileType = sourcecode.swift; path = LogInGuestViewController.swift; sourceTree = "<group>"; };
		B6A7AFC21D26C2850083883B /* users@3x.png */ = {isa = PBXFileReference; lastKnownFileType = image.png; path = "users@3x.png"; sourceTree = "<group>"; };
		B6A7AFC41D26CF000083883B /* UserGuest.swift */ = {isa = PBXFileReference; fileEncoding = 4; lastKnownFileType = sourcecode.swift; path = UserGuest.swift; sourceTree = "<group>"; };
		B6A7AFC61D270A590083883B /* LogInGuestEmailViewController.swift */ = {isa = PBXFileReference; fileEncoding = 4; lastKnownFileType = sourcecode.swift; path = LogInGuestEmailViewController.swift; sourceTree = "<group>"; };
		B6A7AFC91D2717140083883B /* EventsViewController.swift */ = {isa = PBXFileReference; fileEncoding = 4; lastKnownFileType = sourcecode.swift; name = EventsViewController.swift; path = Event/EventsViewController.swift; sourceTree = "<group>"; };
		B6A7AFCC1D27172F0083883B /* Event.storyboard */ = {isa = PBXFileReference; fileEncoding = 4; lastKnownFileType = file.storyboard; path = Event.storyboard; sourceTree = "<group>"; };
		B6B3408D1D0B283400495CD2 /* SessionUD.swift */ = {isa = PBXFileReference; fileEncoding = 4; lastKnownFileType = sourcecode.swift; name = SessionUD.swift; path = Persistence/SessionUD.swift; sourceTree = "<group>"; };
		B6C09DAB1D133800006C1D43 /* ErrorResponse.swift */ = {isa = PBXFileReference; fileEncoding = 4; lastKnownFileType = sourcecode.swift; path = ErrorResponse.swift; sourceTree = "<group>"; };
		B6C09DAD1D13453A006C1D43 /* ExtString.swift */ = {isa = PBXFileReference; fileEncoding = 4; lastKnownFileType = sourcecode.swift; name = ExtString.swift; path = Util/ExtString.swift; sourceTree = "<group>"; };
		B6C09DAF1D134598006C1D43 /* Localizable.strings */ = {isa = PBXFileReference; fileEncoding = 4; lastKnownFileType = text.plist.strings; name = Localizable.strings; path = Util/Localizable.strings; sourceTree = "<group>"; };
		B6C152221D087E6800D8D180 /* SignUpBC.swift */ = {isa = PBXFileReference; fileEncoding = 4; lastKnownFileType = sourcecode.swift; name = SignUpBC.swift; path = SignUp/Logic/SignUpBC.swift; sourceTree = "<group>"; };
		B6C152251D08822B00D8D180 /* Util.swift */ = {isa = PBXFileReference; fileEncoding = 4; lastKnownFileType = sourcecode.swift; name = Util.swift; path = Util/Util.swift; sourceTree = "<group>"; };
		B6C369EB1D38332F006FCD73 /* GoogleService-Info.plist */ = {isa = PBXFileReference; fileEncoding = 4; lastKnownFileType = text.plist.xml; path = "GoogleService-Info.plist"; sourceTree = "<group>"; };
		B6CA978F1D09B556005FF6D6 /* UserSession.swift */ = {isa = PBXFileReference; fileEncoding = 4; lastKnownFileType = sourcecode.swift; path = UserSession.swift; sourceTree = "<group>"; };
		B6CA97911D09BB43005FF6D6 /* Constants.swift */ = {isa = PBXFileReference; fileEncoding = 4; lastKnownFileType = sourcecode.swift; name = Constants.swift; path = Util/Constants.swift; sourceTree = "<group>"; };
		B6EE58A41CFF4CD60027B697 /* location@3x.png */ = {isa = PBXFileReference; lastKnownFileType = image.png; path = "location@3x.png"; sourceTree = "<group>"; };
		B6EE58A51CFF4CD60027B697 /* logo_skype@3x.png */ = {isa = PBXFileReference; lastKnownFileType = image.png; path = "logo_skype@3x.png"; sourceTree = "<group>"; };
		B6EE58A81CFF883B0027B697 /* UserRankingTagViewController.swift */ = {isa = PBXFileReference; fileEncoding = 4; lastKnownFileType = sourcecode.swift; path = UserRankingTagViewController.swift; sourceTree = "<group>"; };
		B6EE58AA1CFF8AF00027B697 /* UserRankingTagTableViewCell.swift */ = {isa = PBXFileReference; fileEncoding = 4; lastKnownFileType = sourcecode.swift; path = UserRankingTagTableViewCell.swift; sourceTree = "<group>"; };
		B6EE58AC1CFF91990027B697 /* UserTagBE.swift */ = {isa = PBXFileReference; fileEncoding = 4; lastKnownFileType = sourcecode.swift; path = UserTagBE.swift; sourceTree = "<group>"; };
		B6F770131D37F8F9004F3607 /* UserDevice.swift */ = {isa = PBXFileReference; fileEncoding = 4; lastKnownFileType = sourcecode.swift; path = UserDevice.swift; sourceTree = "<group>"; };
/* End PBXFileReference section */

/* Begin PBXFrameworksBuildPhase section */
		96AC74901CDB73AF00D993E7 /* Frameworks */ = {
			isa = PBXFrameworksBuildPhase;
			buildActionMask = 2147483647;
			files = (
				B63FA5B01D1C3202009D0EE3 /* FBSDKCoreKit.framework in Frameworks */,
				B63FA5B11D1C3202009D0EE3 /* FBSDKLoginKit.framework in Frameworks */,
				19EB523AC5A4798F9BFA29B7 /* Pods_AllStars.framework in Frameworks */,
			);
			runOnlyForDeploymentPostprocessing = 0;
		};
		96AC74A41CDB73AF00D993E7 /* Frameworks */ = {
			isa = PBXFrameworksBuildPhase;
			buildActionMask = 2147483647;
			files = (
			);
			runOnlyForDeploymentPostprocessing = 0;
		};
		96AC74AF1CDB73AF00D993E7 /* Frameworks */ = {
			isa = PBXFrameworksBuildPhase;
			buildActionMask = 2147483647;
			files = (
			);
			runOnlyForDeploymentPostprocessing = 0;
		};
/* End PBXFrameworksBuildPhase section */

/* Begin PBXGroup section */
		347CE3BA1D3D6D080040CB19 /* Settings */ = {
			isa = PBXGroup;
			children = (
				347CE3BB1D3D6D2A0040CB19 /* SettingsViewController.swift */,
			);
			path = Settings;
			sourceTree = "<group>";
		};
		34D67C1A1D37EB1B002D1DC7 /* About */ = {
			isa = PBXGroup;
			children = (
				34D67C1B1D37FBCB002D1DC7 /* AboutViewController.swift */,
				34D67C1D1D382447002D1DC7 /* AboutCollaboratorsViewController.swift */,
			);
			path = About;
			sourceTree = "<group>";
		};
		74929EA0904086B92140D449 /* Frameworks */ = {
			isa = PBXGroup;
			children = (
				B63FA5AA1D1C2F19009D0EE3 /* FBSDKCoreKit.framework */,
				B63FA5AB1D1C2F19009D0EE3 /* FBSDKLoginKit.framework */,
				B63FA5A41D1C2D7F009D0EE3 /* FBSDKCoreKit.framework */,
				B63FA5A51D1C2D7F009D0EE3 /* FBSDKLoginKit.framework */,
				6B099B21DBCE77889351873A /* Pods_AllStars.framework */,
			);
			name = Frameworks;
			sourceTree = "<group>";
		};
		9609D73F1CE39AD500BF6036 /* Recommend */ = {
			isa = PBXGroup;
			children = (
				9609D7421CE3A67D00BF6036 /* Logic */,
				9609D7401CE39AF400BF6036 /* RecommendViewController.swift */,
			);
			path = Recommend;
			sourceTree = "<group>";
		};
		9609D7421CE3A67D00BF6036 /* Logic */ = {
			isa = PBXGroup;
			children = (
				9609D7431CE3A68F00BF6036 /* RecommendBC.swift */,
			);
			path = Logic;
			sourceTree = "<group>";
		};
		9609D7471CE3AE4600BF6036 /* Crop */ = {
			isa = PBXGroup;
			children = (
				9609D7481CE3AE5400BF6036 /* OSPCrop.swift */,
			);
			path = Crop;
			sourceTree = "<group>";
		};
		9613BBF01CE4BD9500533FAF /* OSPOptionTable */ = {
			isa = PBXGroup;
			children = (
				9613BBF11CE4BD9500533FAF /* check@2x.png */,
				9613BBF21CE4BD9500533FAF /* OSPOptionList.h */,
				9613BBF31CE4BD9500533FAF /* OSPOptionList.m */,
				9613BBF41CE4BD9500533FAF /* OSPOptionList.xib */,
				9613BBF51CE4BD9500533FAF /* OSPOptionListCell.h */,
				9613BBF61CE4BD9500533FAF /* OSPOptionListCell.m */,
				9613BBF71CE4BD9500533FAF /* OSPOptionListCell.xib */,
				9613BBF81CE4BD9500533FAF /* OSPOptionListItem.h */,
				9613BBF91CE4BD9500533FAF /* OSPOptionListItem.m */,
			);
			path = OSPOptionTable;
			sourceTree = "<group>";
		};
		9638EF401CDCF74900D07D51 /* Logic */ = {
			isa = PBXGroup;
			children = (
				B6A36C6E1D09C53C00222D1F /* ProfileBC.swift */,
			);
			name = Logic;
			path = Logica;
			sourceTree = "<group>";
		};
		96757BE81CE0E1DA00BA216A /* OSPDateManager */ = {
			isa = PBXGroup;
			children = (
				96757BE91CE0E1DA00BA216A /* OSPDateManager.h */,
				96757BEA1CE0E1DA00BA216A /* OSPDateManager.m */,
			);
			path = OSPDateManager;
			sourceTree = "<group>";
		};
		96AC748A1CDB73AF00D993E7 = {
			isa = PBXGroup;
			children = (
				96AC74951CDB73AF00D993E7 /* AllStars */,
				96AC74AA1CDB73AF00D993E7 /* AllStarsTests */,
				96AC74B51CDB73AF00D993E7 /* AllStarsUITests */,
				96AC74941CDB73AF00D993E7 /* Products */,
				74929EA0904086B92140D449 /* Frameworks */,
				F47A4987D598E7828369593F /* Pods */,
			);
			sourceTree = "<group>";
		};
		96AC74941CDB73AF00D993E7 /* Products */ = {
			isa = PBXGroup;
			children = (
				96AC74931CDB73AF00D993E7 /* AllStars.app */,
				96AC74A71CDB73AF00D993E7 /* AllStarsTests.xctest */,
				96AC74B21CDB73AF00D993E7 /* AllStarsUITests.xctest */,
			);
			name = Products;
			sourceTree = "<group>";
		};
		96AC74951CDB73AF00D993E7 /* AllStars */ = {
			isa = PBXGroup;
			children = (
				96AC74961CDB73AF00D993E7 /* AppDelegate.swift */,
				96AC74F11CDBEC6100D993E7 /* AllStars-Bridging-Header.h */,
				B6C369EB1D38332F006FCD73 /* GoogleService-Info.plist */,
				96AC74E31CDB9A3A00D993E7 /* CommonClasses */,
				96AC74C41CDB743500D993E7 /* iPhone */,
				96AC74DB1CDB7D4500D993E7 /* Entities */,
				96AC74C81CDB747D00D993E7 /* WebService */,
				B63FA5B21D1C3214009D0EE3 /* Frameworks */,
				96AC749D1CDB73AF00D993E7 /* Assets.xcassets */,
				96AC749F1CDB73AF00D993E7 /* LaunchScreen.storyboard */,
				96AC74A21CDB73AF00D993E7 /* Info.plist */,
			);
			path = AllStars;
			sourceTree = "<group>";
		};
		96AC74AA1CDB73AF00D993E7 /* AllStarsTests */ = {
			isa = PBXGroup;
			children = (
				96AC74AB1CDB73AF00D993E7 /* AllStarsTests.swift */,
				96AC74AD1CDB73AF00D993E7 /* Info.plist */,
			);
			path = AllStarsTests;
			sourceTree = "<group>";
		};
		96AC74B51CDB73AF00D993E7 /* AllStarsUITests */ = {
			isa = PBXGroup;
			children = (
				96AC74B61CDB73AF00D993E7 /* AllStarsUITests.swift */,
				96AC74B81CDB73AF00D993E7 /* Info.plist */,
			);
			path = AllStarsUITests;
			sourceTree = "<group>";
		};
		96AC74C41CDB743500D993E7 /* iPhone */ = {
			isa = PBXGroup;
			children = (
				96AC74C71CDB746A00D993E7 /* Resources */,
				96AC74C61CDB746000D993E7 /* Views */,
				96AC74C51CDB745400D993E7 /* Classes */,
			);
			path = iPhone;
			sourceTree = "<group>";
		};
		96AC74C51CDB745400D993E7 /* Classes */ = {
			isa = PBXGroup;
			children = (
				347CE3BA1D3D6D080040CB19 /* Settings */,
				34D67C1A1D37EB1B002D1DC7 /* About */,
				B6A7AFC81D2716DE0083883B /* Event */,
				96B2A0CA1CE6161300C8F97D /* Ranking */,
				9609D73F1CE39AD500BF6036 /* Recommend */,
				96E41EE81CE24A8D0071D49E /* Search */,
				96AC74EC1CDBB5E000D993E7 /* TabBar */,
				96AC74E91CDB9F9F00D993E7 /* Profile */,
				96AC74C91CDB762800D993E7 /* Login */,
				B6A39C481CFDDE1600DA42E3 /* SignUp */,
			);
			path = Classes;
			sourceTree = "<group>";
		};
		96AC74C61CDB746000D993E7 /* Views */ = {
			isa = PBXGroup;
			children = (
				96AC74D61CDB770100D993E7 /* LogIn.storyboard */,
				B6A39C461CFDD54200DA42E3 /* SignUp.storyboard */,
				96AC74E71CDB9F4700D993E7 /* TabBar.storyboard */,
				96AC74EA1CDB9FCA00D993E7 /* Profile.storyboard */,
				96E41EE41CE2368F0071D49E /* Recommend.storyboard */,
				96E41EF01CE2604C0071D49E /* Search.storyboard */,
				96B2A0CB1CE6165900C8F97D /* Ranking.storyboard */,
				B6A7AFCC1D27172F0083883B /* Event.storyboard */,
				34D67C181D37E0C7002D1DC7 /* About.storyboard */,
				347CE3BD1D3D70660040CB19 /* Settings.storyboard */,
			);
			path = Views;
			sourceTree = "<group>";
		};
		96AC74C71CDB746A00D993E7 /* Resources */ = {
			isa = PBXGroup;
			children = (
				96C68EB81CE65B2100F072AA /* iconCup_0@3x.png */,
				96C68EB91CE65B2100F072AA /* iconCup_1@3x.png */,
				96C68EBA1CE65B2100F072AA /* iconCup_2@3x.png */,
				96C68EBB1CE65B2100F072AA /* iconCup_3@3x.png */,
				96B2A0D81CE63DEB00C8F97D /* iconCup@3x.png */,
				96E41EEE1CE260220071D49E /* iconTabBar_2@3x.png */,
				96B2A0D41CE635DD00C8F97D /* iconTabBar_1@3x.png */,
				96E41EE61CE23E4A0071D49E /* iconTabBar_0@3x.png */,
				B6A39C541CFE207500DA42E3 /* iconTabBar_3@3x.png */,
				9637DE131CE2306A002AA60E /* iconAdd@3x.png */,
				9637DE111CE21EA2002AA60E /* iconBack@3x.png */,
				96757BEC1CE0EF2300BA216A /* iconDown@3x.png */,
				9638EF451CDD0DA800D07D51 /* iconNext@3x.png */,
				961A318F1CDCC8E800D43012 /* placeHolderProfile@3x.png */,
				96AC74D91CDB7C0800D993E7 /* logo@3x.png */,
				9609D73D1CE364D300BF6036 /* textBelatrix@3x.png */,
				B6A39C561CFE280D00DA42E3 /* ic_user@3x.png */,
				B6EE58A41CFF4CD60027B697 /* location@3x.png */,
				B6EE58A51CFF4CD60027B697 /* logo_skype@3x.png */,
				B66FBC781D00CB9200C058F7 /* camera@3x.png */,
				B62AA0EF1D145465008FB75A /* lock@3x.png */,
				B62AA0F11D147EA4008FB75A /* mail@3x.png */,
				B6A7AFC21D26C2850083883B /* users@3x.png */,
				B66204D91D2DAE2600841573 /* placeholder_general@3x.png */,
			);
			path = Resources;
			sourceTree = "<group>";
		};
		96AC74C81CDB747D00D993E7 /* WebService */ = {
			isa = PBXGroup;
			children = (
				96AC74CC1CDB765800D993E7 /* OSPWebModel.swift */,
				96AC74CE1CDB765800D993E7 /* OSPWebSender.swift */,
				96AC74CF1CDB765800D993E7 /* OSPWebTranslator.swift */,
			);
			path = WebService;
			sourceTree = "<group>";
		};
		96AC74C91CDB762800D993E7 /* Login */ = {
			isa = PBXGroup;
			children = (
				96AC74D81CDB7B4100D993E7 /* Logic */,
				96AC74D41CDB76F800D993E7 /* LogInViewController.swift */,
				B6A36C701D09C56400222D1F /* ResetPasswordViewController.swift */,
				B6A7AFC01D26BC5D0083883B /* LogInGuestViewController.swift */,
				B6A7AFC61D270A590083883B /* LogInGuestEmailViewController.swift */,
			);
			path = Login;
			sourceTree = "<group>";
		};
		96AC74D81CDB7B4100D993E7 /* Logic */ = {
			isa = PBXGroup;
			children = (
				96AC74DE1CDB80D400D993E7 /* LoginBC.swift */,
			);
			path = Logic;
			sourceTree = "<group>";
		};
		96AC74DB1CDB7D4500D993E7 /* Entities */ = {
			isa = PBXGroup;
			children = (
				96AC74DC1CDB7D5E00D993E7 /* User.swift */,
				B6CA978F1D09B556005FF6D6 /* UserSession.swift */,
				B6A7AFC41D26CF000083883B /* UserGuest.swift */,
				B6F770131D37F8F9004F3607 /* UserDevice.swift */,
				9638EF3E1CDCF52800D07D51 /* StarSubCategoryBE.swift */,
				96757BE61CE0DD5F00BA216A /* UserQualifyBE.swift */,
				B6EE58AC1CFF91990027B697 /* UserTagBE.swift */,
				96E41EF21CE2715B0071D49E /* EmployeeBE.swift */,
				9609D7451CE3A9A800BF6036 /* CategoryBE.swift */,
				964823341CE4DDBB007E58FE /* SubCategoryBE.swift */,
				964823361CE4EF38007E58FE /* KeywordBE.swift */,
				964823381CE50C82007E58FE /* RateUserBE.swift */,
				96B2A0CF1CE6307200C8F97D /* UserRankingBE.swift */,
				B6A39C521CFE1BAE00DA42E3 /* StarKeywordBE.swift */,
				B66FBC7C1D00D1E100C058F7 /* LocationBE.swift */,
				B6C09DAB1D133800006C1D43 /* ErrorResponse.swift */,
				B66204D31D2D93B400841573 /* Event.swift */,
			);
			path = Entities;
			sourceTree = "<group>";
		};
		96AC74E31CDB9A3A00D993E7 /* CommonClasses */ = {
			isa = PBXGroup;
			children = (
				B6B3408C1D0B279500495CD2 /* Persistence */,
				B6C152241D08820600D8D180 /* Util */,
				9613BBF01CE4BD9500533FAF /* OSPOptionTable */,
				9609D7471CE3AE4600BF6036 /* Crop */,
				96757BE81CE0E1DA00BA216A /* OSPDateManager */,
				96AC74F21CDBECB800D993E7 /* OSPImageDownloaded */,
				96AC74E41CDB9A4A00D993E7 /* OSPUserAlerts */,
			);
			path = CommonClasses;
			sourceTree = "<group>";
		};
		96AC74E41CDB9A4A00D993E7 /* OSPUserAlerts */ = {
			isa = PBXGroup;
			children = (
				96AC74E51CDB9A4A00D993E7 /* OSPUserAlerts.swift */,
			);
			path = OSPUserAlerts;
			sourceTree = "<group>";
		};
		96AC74E91CDB9F9F00D993E7 /* Profile */ = {
			isa = PBXGroup;
			children = (
				9638EF401CDCF74900D07D51 /* Logic */,
				B66FBC761D00C7E600C058F7 /* EditProfileViewController.swift */,
				B66FBC7A1D00D0FD00C058F7 /* LocationTableViewCell.swift */,
				96AC74EF1CDBB65400D993E7 /* ProfileViewController.swift */,
				9638EF431CDCFBCC00D07D51 /* StarSubCategoriesCollectionViewCell.swift */,
				96757BE21CE0CA6000BA216A /* StarsCategoriesUserViewController.swift */,
				96757BE41CE0D56E00BA216A /* StarUserInfoTableViewCell.swift */,
			);
			path = Profile;
			sourceTree = "<group>";
		};
		96AC74EC1CDBB5E000D993E7 /* TabBar */ = {
			isa = PBXGroup;
			children = (
				96AC74ED1CDBB60200D993E7 /* CustomTabBarViewController.swift */,
			);
			path = TabBar;
			sourceTree = "<group>";
		};
		96AC74F21CDBECB800D993E7 /* OSPImageDownloaded */ = {
			isa = PBXGroup;
			children = (
				96AC74F31CDBECB800D993E7 /* OSPImageDownloaded.h */,
				96AC74F41CDBECB800D993E7 /* OSPImageDownloaded.m */,
			);
			path = OSPImageDownloaded;
			sourceTree = "<group>";
		};
		96B2A0CA1CE6161300C8F97D /* Ranking */ = {
			isa = PBXGroup;
			children = (
				96B2A0D11CE632A000C8F97D /* Logic */,
				96B2A0CD1CE6167F00C8F97D /* RankingViewController.swift */,
				966BA8DC1CEA091900C240D7 /* UserRankingViewController.swift */,
				96B2A0D61CE63AD800C8F97D /* UserRankingTableViewCell.swift */,
				B6EE58A81CFF883B0027B697 /* UserRankingTagViewController.swift */,
				B6EE58AA1CFF8AF00027B697 /* UserRankingTagTableViewCell.swift */,
			);
			path = Ranking;
			sourceTree = "<group>";
		};
		96B2A0D11CE632A000C8F97D /* Logic */ = {
			isa = PBXGroup;
			children = (
				96B2A0D21CE632B300C8F97D /* RankingBC.swift */,
			);
			path = Logic;
			sourceTree = "<group>";
		};
		96E41EE81CE24A8D0071D49E /* Search */ = {
			isa = PBXGroup;
			children = (
				96E41EEB1CE24CB40071D49E /* Logic */,
				96E41EE91CE24AAE0071D49E /* ListEmployeeViewController.swift */,
				96E41EF61CE27A2A0071D49E /* EmployeeTableViewCell.swift */,
				B6A39C4E1CFDF04800DA42E3 /* ListTagsViewController.swift */,
				B6A39C501CFDF80200DA42E3 /* TagTableViewCell.swift */,
			);
			path = Search;
			sourceTree = "<group>";
		};
		96E41EEB1CE24CB40071D49E /* Logic */ = {
			isa = PBXGroup;
			children = (
				96E41EEC1CE24CC50071D49E /* SearchBC.swift */,
			);
			path = Logic;
			sourceTree = "<group>";
		};
		B63FA5B21D1C3214009D0EE3 /* Frameworks */ = {
			isa = PBXGroup;
			children = (
				B63FA5AE1D1C3202009D0EE3 /* FBSDKCoreKit.framework */,
				B63FA5AF1D1C3202009D0EE3 /* FBSDKLoginKit.framework */,
			);
			name = Frameworks;
			sourceTree = "<group>";
		};
		B6A39C481CFDDE1600DA42E3 /* SignUp */ = {
			isa = PBXGroup;
			children = (
				B6A39C491CFDDE2000DA42E3 /* Logic */,
				B6A39C4A1CFDDE5E00DA42E3 /* SignUpViewController.swift */,
			);
			name = SignUp;
			sourceTree = "<group>";
		};
		B6A39C491CFDDE2000DA42E3 /* Logic */ = {
			isa = PBXGroup;
			children = (
				B6C152221D087E6800D8D180 /* SignUpBC.swift */,
			);
			name = Logic;
			sourceTree = "<group>";
		};
		B6A7AFC81D2716DE0083883B /* Event */ = {
			isa = PBXGroup;
			children = (
				B6A7AFCB1D2717170083883B /* Logic */,
				B6A7AFC91D2717140083883B /* EventsViewController.swift */,
				B66204CF1D2D6E7000841573 /* EventTableViewCell.swift */,
				3432CC201D3ED07600FF2F3B /* EventDetailViewController.swift */,
			);
			name = Event;
			sourceTree = "<group>";
		};
		B6A7AFCB1D2717170083883B /* Logic */ = {
			isa = PBXGroup;
			children = (
				B66204D51D2DA53300841573 /* EventBC.swift */,
			);
			name = Logic;
			sourceTree = "<group>";
		};
		B6B3408C1D0B279500495CD2 /* Persistence */ = {
			isa = PBXGroup;
			children = (
				B6B3408D1D0B283400495CD2 /* SessionUD.swift */,
			);
			name = Persistence;
			sourceTree = "<group>";
		};
		B6C152241D08820600D8D180 /* Util */ = {
			isa = PBXGroup;
			children = (
				B6C09DAD1D13453A006C1D43 /* ExtString.swift */,
				B6C152251D08822B00D8D180 /* Util.swift */,
				B6CA97911D09BB43005FF6D6 /* Constants.swift */,
				B62AA0E91D144576008FB75A /* Color.swift */,
				B62AA0EA1D144576008FB75A /* QualityImage.swift */,
				B62AA0EB1D144576008FB75A /* UIColorExtension.swift */,
				B6C09DAF1D134598006C1D43 /* Localizable.strings */,
				34E0DC4F1D392ECD00281B56 /* Collaborators.plist */,
			);
			name = Util;
			sourceTree = "<group>";
		};
		F47A4987D598E7828369593F /* Pods */ = {
			isa = PBXGroup;
			children = (
				6891701F3BB249E13689ABBA /* Pods-AllStars.debug.xcconfig */,
				096506E97712267EE8D873B8 /* Pods-AllStars.release.xcconfig */,
			);
			name = Pods;
			sourceTree = "<group>";
		};
/* End PBXGroup section */

/* Begin PBXNativeTarget section */
		96AC74921CDB73AF00D993E7 /* AllStars */ = {
			isa = PBXNativeTarget;
			buildConfigurationList = 96AC74BB1CDB73AF00D993E7 /* Build configuration list for PBXNativeTarget "AllStars" */;
			buildPhases = (
				38B2E1123EA6D512A9994113 /* [CP] Check Pods Manifest.lock */,
				96AC748F1CDB73AF00D993E7 /* Sources */,
				96AC74901CDB73AF00D993E7 /* Frameworks */,
				96AC74911CDB73AF00D993E7 /* Resources */,
				B6DF767F1D22D1B70030D8BB /* ShellScript */,
				6E60AC0DCEB5794B80835BCF /* [CP] Embed Pods Frameworks */,
				C3F751A52F608FD829ED25FE /* [CP] Copy Pods Resources */,
				FD10ECB49474997E3654DA81 /* Embed Pods Frameworks */,
			);
			buildRules = (
			);
			dependencies = (
			);
			name = AllStars;
			productName = AllStars;
			productReference = 96AC74931CDB73AF00D993E7 /* AllStars.app */;
			productType = "com.apple.product-type.application";
		};
		96AC74A61CDB73AF00D993E7 /* AllStarsTests */ = {
			isa = PBXNativeTarget;
			buildConfigurationList = 96AC74BE1CDB73AF00D993E7 /* Build configuration list for PBXNativeTarget "AllStarsTests" */;
			buildPhases = (
				96AC74A31CDB73AF00D993E7 /* Sources */,
				96AC74A41CDB73AF00D993E7 /* Frameworks */,
				96AC74A51CDB73AF00D993E7 /* Resources */,
			);
			buildRules = (
			);
			dependencies = (
				96AC74A91CDB73AF00D993E7 /* PBXTargetDependency */,
			);
			name = AllStarsTests;
			productName = AllStarsTests;
			productReference = 96AC74A71CDB73AF00D993E7 /* AllStarsTests.xctest */;
			productType = "com.apple.product-type.bundle.unit-test";
		};
		96AC74B11CDB73AF00D993E7 /* AllStarsUITests */ = {
			isa = PBXNativeTarget;
			buildConfigurationList = 96AC74C11CDB73AF00D993E7 /* Build configuration list for PBXNativeTarget "AllStarsUITests" */;
			buildPhases = (
				96AC74AE1CDB73AF00D993E7 /* Sources */,
				96AC74AF1CDB73AF00D993E7 /* Frameworks */,
				96AC74B01CDB73AF00D993E7 /* Resources */,
			);
			buildRules = (
			);
			dependencies = (
				96AC74B41CDB73AF00D993E7 /* PBXTargetDependency */,
			);
			name = AllStarsUITests;
			productName = AllStarsUITests;
			productReference = 96AC74B21CDB73AF00D993E7 /* AllStarsUITests.xctest */;
			productType = "com.apple.product-type.bundle.ui-testing";
		};
/* End PBXNativeTarget section */

/* Begin PBXProject section */
		96AC748B1CDB73AF00D993E7 /* Project object */ = {
			isa = PBXProject;
			attributes = {
				LastSwiftUpdateCheck = 0730;
				LastUpgradeCheck = 0730;
				ORGANIZATIONNAME = "Belatrix SF";
				TargetAttributes = {
					96AC74921CDB73AF00D993E7 = {
						CreatedOnToolsVersion = 7.3;
						DevelopmentTeam = X3NTASB9PV;
						SystemCapabilities = {
							com.apple.BackgroundModes = {
								enabled = 1;
							};
							com.apple.Push = {
								enabled = 1;
							};
						};
					};
					96AC74A61CDB73AF00D993E7 = {
						CreatedOnToolsVersion = 7.3;
						TestTargetID = 96AC74921CDB73AF00D993E7;
					};
					96AC74B11CDB73AF00D993E7 = {
						CreatedOnToolsVersion = 7.3;
						TestTargetID = 96AC74921CDB73AF00D993E7;
					};
				};
			};
			buildConfigurationList = 96AC748E1CDB73AF00D993E7 /* Build configuration list for PBXProject "AllStars" */;
			compatibilityVersion = "Xcode 3.2";
			developmentRegion = English;
			hasScannedForEncodings = 0;
			knownRegions = (
				en,
				Base,
			);
			mainGroup = 96AC748A1CDB73AF00D993E7;
			productRefGroup = 96AC74941CDB73AF00D993E7 /* Products */;
			projectDirPath = "";
			projectRoot = "";
			targets = (
				96AC74921CDB73AF00D993E7 /* AllStars */,
				96AC74A61CDB73AF00D993E7 /* AllStarsTests */,
				96AC74B11CDB73AF00D993E7 /* AllStarsUITests */,
			);
		};
/* End PBXProject section */

/* Begin PBXResourcesBuildPhase section */
		96AC74911CDB73AF00D993E7 /* Resources */ = {
			isa = PBXResourcesBuildPhase;
			buildActionMask = 2147483647;
			files = (
				96AC74EB1CDB9FCA00D993E7 /* Profile.storyboard in Resources */,
				9609D73E1CE364D300BF6036 /* textBelatrix@3x.png in Resources */,
				96E41EE51CE2368F0071D49E /* Recommend.storyboard in Resources */,
				9613BBFC1CE4BD9500533FAF /* OSPOptionList.xib in Resources */,
				96757BED1CE0EF2300BA216A /* iconDown@3x.png in Resources */,
				34D67C191D37E0C7002D1DC7 /* About.storyboard in Resources */,
				96C68EBF1CE65B2100F072AA /* iconCup_3@3x.png in Resources */,
				96AC74E81CDB9F4700D993E7 /* TabBar.storyboard in Resources */,
				96C68EBC1CE65B2100F072AA /* iconCup_0@3x.png in Resources */,
				B66FBC791D00CB9200C058F7 /* camera@3x.png in Resources */,
				96C68EBD1CE65B2100F072AA /* iconCup_1@3x.png in Resources */,
				B66204DA1D2DAE2600841573 /* placeholder_general@3x.png in Resources */,
				34E0DC501D392ECD00281B56 /* Collaborators.plist in Resources */,
				B6C09DB01D134598006C1D43 /* Localizable.strings in Resources */,
				96E41EF11CE2604C0071D49E /* Search.storyboard in Resources */,
				96AC74A11CDB73AF00D993E7 /* LaunchScreen.storyboard in Resources */,
				B6EE58A71CFF4CD60027B697 /* logo_skype@3x.png in Resources */,
				B6A39C471CFDD54200DA42E3 /* SignUp.storyboard in Resources */,
				B62AA0F01D145465008FB75A /* lock@3x.png in Resources */,
				B6EE58A61CFF4CD60027B697 /* location@3x.png in Resources */,
				96E41EE71CE23E4A0071D49E /* iconTabBar_0@3x.png in Resources */,
				B6A39C551CFE207500DA42E3 /* iconTabBar_3@3x.png in Resources */,
				B6A39C571CFE280D00DA42E3 /* ic_user@3x.png in Resources */,
				961A31901CDCC8E800D43012 /* placeHolderProfile@3x.png in Resources */,
				96AC749E1CDB73AF00D993E7 /* Assets.xcassets in Resources */,
				9637DE141CE2306A002AA60E /* iconAdd@3x.png in Resources */,
				96B2A0D51CE635DD00C8F97D /* iconTabBar_1@3x.png in Resources */,
				347CE3BE1D3D70660040CB19 /* Settings.storyboard in Resources */,
				9638EF461CDD0DA800D07D51 /* iconNext@3x.png in Resources */,
				B6C369EC1D38332F006FCD73 /* GoogleService-Info.plist in Resources */,
				9637DE121CE21EA2002AA60E /* iconBack@3x.png in Resources */,
				9613BBFA1CE4BD9500533FAF /* check@2x.png in Resources */,
				96AC74DA1CDB7C0800D993E7 /* logo@3x.png in Resources */,
				B6A7AFCD1D27172F0083883B /* Event.storyboard in Resources */,
				B6A7AFC31D26C2850083883B /* users@3x.png in Resources */,
				96B2A0D91CE63DEB00C8F97D /* iconCup@3x.png in Resources */,
				96E41EEF1CE260220071D49E /* iconTabBar_2@3x.png in Resources */,
				96C68EBE1CE65B2100F072AA /* iconCup_2@3x.png in Resources */,
				B62AA0F21D147EA4008FB75A /* mail@3x.png in Resources */,
				9613BBFE1CE4BD9500533FAF /* OSPOptionListCell.xib in Resources */,
				96AC74D71CDB770100D993E7 /* LogIn.storyboard in Resources */,
				96B2A0CC1CE6165900C8F97D /* Ranking.storyboard in Resources */,
			);
			runOnlyForDeploymentPostprocessing = 0;
		};
		96AC74A51CDB73AF00D993E7 /* Resources */ = {
			isa = PBXResourcesBuildPhase;
			buildActionMask = 2147483647;
			files = (
			);
			runOnlyForDeploymentPostprocessing = 0;
		};
		96AC74B01CDB73AF00D993E7 /* Resources */ = {
			isa = PBXResourcesBuildPhase;
			buildActionMask = 2147483647;
			files = (
			);
			runOnlyForDeploymentPostprocessing = 0;
		};
/* End PBXResourcesBuildPhase section */

/* Begin PBXShellScriptBuildPhase section */
		38B2E1123EA6D512A9994113 /* [CP] Check Pods Manifest.lock */ = {
			isa = PBXShellScriptBuildPhase;
			buildActionMask = 2147483647;
			files = (
			);
			inputPaths = (
			);
			name = "[CP] Check Pods Manifest.lock";
			outputPaths = (
			);
			runOnlyForDeploymentPostprocessing = 0;
			shellPath = /bin/sh;
			shellScript = "diff \"${PODS_ROOT}/../Podfile.lock\" \"${PODS_ROOT}/Manifest.lock\" > /dev/null\nif [[ $? != 0 ]] ; then\n    cat << EOM\nerror: The sandbox is not in sync with the Podfile.lock. Run 'pod install' or update your CocoaPods installation.\nEOM\n    exit 1\nfi\n";
			showEnvVarsInLog = 0;
		};
		6E60AC0DCEB5794B80835BCF /* [CP] Embed Pods Frameworks */ = {
			isa = PBXShellScriptBuildPhase;
			buildActionMask = 2147483647;
			files = (
			);
			inputPaths = (
			);
			name = "[CP] Embed Pods Frameworks";
			outputPaths = (
			);
			runOnlyForDeploymentPostprocessing = 0;
			shellPath = /bin/sh;
			shellScript = "\"${SRCROOT}/Pods/Target Support Files/Pods-AllStars/Pods-AllStars-frameworks.sh\"\n";
			showEnvVarsInLog = 0;
		};
		B6DF767F1D22D1B70030D8BB /* ShellScript */ = {
			isa = PBXShellScriptBuildPhase;
			buildActionMask = 2147483647;
			files = (
			);
			inputPaths = (
			);
			outputPaths = (
			);
			runOnlyForDeploymentPostprocessing = 0;
			shellPath = /bin/sh;
			shellScript = "\"${PODS_ROOT}/Fabric/run\" 83904d594d841085dfdf6bbd32107cf91f6dfd35 6632dc3ee24be36cc118ea0b101148696c2cee44988112d73f4cc552b2ed0a3a";
		};
		C3F751A52F608FD829ED25FE /* [CP] Copy Pods Resources */ = {
			isa = PBXShellScriptBuildPhase;
			buildActionMask = 2147483647;
			files = (
			);
			inputPaths = (
			);
			name = "[CP] Copy Pods Resources";
			outputPaths = (
			);
			runOnlyForDeploymentPostprocessing = 0;
			shellPath = /bin/sh;
			shellScript = "\"${SRCROOT}/Pods/Target Support Files/Pods-AllStars/Pods-AllStars-resources.sh\"\n";
			showEnvVarsInLog = 0;
		};
		FD10ECB49474997E3654DA81 /* Embed Pods Frameworks */ = {
			isa = PBXShellScriptBuildPhase;
			buildActionMask = 2147483647;
			files = (
			);
			inputPaths = (
			);
			name = "Embed Pods Frameworks";
			outputPaths = (
			);
			runOnlyForDeploymentPostprocessing = 0;
			shellPath = /bin/sh;
			shellScript = "\"${SRCROOT}/Pods/Target Support Files/Pods-AllStars/Pods-AllStars-frameworks.sh\"\n";
			showEnvVarsInLog = 0;
		};
/* End PBXShellScriptBuildPhase section */

/* Begin PBXSourcesBuildPhase section */
		96AC748F1CDB73AF00D993E7 /* Sources */ = {
			isa = PBXSourcesBuildPhase;
			buildActionMask = 2147483647;
			files = (
				B6A36C6F1D09C53C00222D1F /* ProfileBC.swift in Sources */,
				96AC74D51CDB76F800D993E7 /* LogInViewController.swift in Sources */,
				96AC74E61CDB9A4A00D993E7 /* OSPUserAlerts.swift in Sources */,
				96AC74971CDB73AF00D993E7 /* AppDelegate.swift in Sources */,
				B6EE58A91CFF883B0027B697 /* UserRankingTagViewController.swift in Sources */,
				B6EE58AD1CFF91990027B697 /* UserTagBE.swift in Sources */,
				96757BEB1CE0E1DB00BA216A /* OSPDateManager.m in Sources */,
				96B2A0D71CE63AD800C8F97D /* UserRankingTableViewCell.swift in Sources */,
				B6A7AFC71D270A590083883B /* LogInGuestEmailViewController.swift in Sources */,
				B6CA97921D09BB43005FF6D6 /* Constants.swift in Sources */,
				96AC74D01CDB765800D993E7 /* OSPWebModel.swift in Sources */,
				B6C152231D087E6800D8D180 /* SignUpBC.swift in Sources */,
				B62AA0EC1D144576008FB75A /* Color.swift in Sources */,
				96757BE51CE0D56E00BA216A /* StarUserInfoTableViewCell.swift in Sources */,
				9613BBFD1CE4BD9500533FAF /* OSPOptionListCell.m in Sources */,
				B66FBC771D00C7E600C058F7 /* EditProfileViewController.swift in Sources */,
				9638EF441CDCFBCC00D07D51 /* StarSubCategoriesCollectionViewCell.swift in Sources */,
				96E41EEA1CE24AAE0071D49E /* ListEmployeeViewController.swift in Sources */,
				B62AA0EE1D144576008FB75A /* UIColorExtension.swift in Sources */,
				B66204D61D2DA53300841573 /* EventBC.swift in Sources */,
				B6A39C511CFDF80200DA42E3 /* TagTableViewCell.swift in Sources */,
				B6A39C531CFE1BAE00DA42E3 /* StarKeywordBE.swift in Sources */,
				9609D7441CE3A68F00BF6036 /* RecommendBC.swift in Sources */,
				347CE3BC1D3D6D2A0040CB19 /* SettingsViewController.swift in Sources */,
				96AC74D21CDB765800D993E7 /* OSPWebSender.swift in Sources */,
				9613BBFF1CE4BD9500533FAF /* OSPOptionListItem.m in Sources */,
				3432CC211D3ED07600FF2F3B /* EventDetailViewController.swift in Sources */,
				966BA8DD1CEA091900C240D7 /* UserRankingViewController.swift in Sources */,
				96B2A0D31CE632B300C8F97D /* RankingBC.swift in Sources */,
				96757BE31CE0CA6000BA216A /* StarsCategoriesUserViewController.swift in Sources */,
				B6EE58AB1CFF8AF00027B697 /* UserRankingTagTableViewCell.swift in Sources */,
				96AC74D31CDB765800D993E7 /* OSPWebTranslator.swift in Sources */,
				96AC74F01CDBB65400D993E7 /* ProfileViewController.swift in Sources */,
				B6B3408E1D0B283400495CD2 /* SessionUD.swift in Sources */,
				B6C09DAE1D13453A006C1D43 /* ExtString.swift in Sources */,
				9609D7461CE3A9A800BF6036 /* CategoryBE.swift in Sources */,
				96757BE71CE0DD5F00BA216A /* UserQualifyBE.swift in Sources */,
				B6F770141D37F8FA004F3607 /* UserDevice.swift in Sources */,
				B6A7AFC51D26CF000083883B /* UserGuest.swift in Sources */,
				B66FBC7D1D00D1E100C058F7 /* LocationBE.swift in Sources */,
				96E41EED1CE24CC50071D49E /* SearchBC.swift in Sources */,
				964823351CE4DDBB007E58FE /* SubCategoryBE.swift in Sources */,
				9613BBFB1CE4BD9500533FAF /* OSPOptionList.m in Sources */,
				B6A39C4B1CFDDE5E00DA42E3 /* SignUpViewController.swift in Sources */,
				B6A39C4F1CFDF04800DA42E3 /* ListTagsViewController.swift in Sources */,
				96B2A0D01CE6307200C8F97D /* UserRankingBE.swift in Sources */,
				964823391CE50C82007E58FE /* RateUserBE.swift in Sources */,
				96AC74EE1CDBB60200D993E7 /* CustomTabBarViewController.swift in Sources */,
				964823371CE4EF38007E58FE /* KeywordBE.swift in Sources */,
				B6A36C711D09C56400222D1F /* ResetPasswordViewController.swift in Sources */,
				9609D7411CE39AF400BF6036 /* RecommendViewController.swift in Sources */,
				34D67C1C1D37FBCB002D1DC7 /* AboutViewController.swift in Sources */,
				96E41EF71CE27A2A0071D49E /* EmployeeTableViewCell.swift in Sources */,
				96B2A0CE1CE6167F00C8F97D /* RankingViewController.swift in Sources */,
				B6CA97901D09B556005FF6D6 /* UserSession.swift in Sources */,
				96AC74F51CDBECB800D993E7 /* OSPImageDownloaded.m in Sources */,
				96AC74DF1CDB80D400D993E7 /* LoginBC.swift in Sources */,
				B6A7AFCA1D2717140083883B /* EventsViewController.swift in Sources */,
				9638EF3F1CDCF52800D07D51 /* StarSubCategoryBE.swift in Sources */,
				B62AA0ED1D144576008FB75A /* QualityImage.swift in Sources */,
				B66204D01D2D6E7000841573 /* EventTableViewCell.swift in Sources */,
				B6A7AFC11D26BC5D0083883B /* LogInGuestViewController.swift in Sources */,
				9609D7491CE3AE5400BF6036 /* OSPCrop.swift in Sources */,
				96E41EF31CE2715B0071D49E /* EmployeeBE.swift in Sources */,
				34D67C1E1D382447002D1DC7 /* AboutCollaboratorsViewController.swift in Sources */,
				B6C152261D08822B00D8D180 /* Util.swift in Sources */,
				B6C09DAC1D133800006C1D43 /* ErrorResponse.swift in Sources */,
				B66FBC7B1D00D0FD00C058F7 /* LocationTableViewCell.swift in Sources */,
				96AC74DD1CDB7D5E00D993E7 /* User.swift in Sources */,
				B66204D41D2D93B400841573 /* Event.swift in Sources */,
			);
			runOnlyForDeploymentPostprocessing = 0;
		};
		96AC74A31CDB73AF00D993E7 /* Sources */ = {
			isa = PBXSourcesBuildPhase;
			buildActionMask = 2147483647;
			files = (
				96AC74AC1CDB73AF00D993E7 /* AllStarsTests.swift in Sources */,
			);
			runOnlyForDeploymentPostprocessing = 0;
		};
		96AC74AE1CDB73AF00D993E7 /* Sources */ = {
			isa = PBXSourcesBuildPhase;
			buildActionMask = 2147483647;
			files = (
				96AC74B71CDB73AF00D993E7 /* AllStarsUITests.swift in Sources */,
			);
			runOnlyForDeploymentPostprocessing = 0;
		};
/* End PBXSourcesBuildPhase section */

/* Begin PBXTargetDependency section */
		96AC74A91CDB73AF00D993E7 /* PBXTargetDependency */ = {
			isa = PBXTargetDependency;
			target = 96AC74921CDB73AF00D993E7 /* AllStars */;
			targetProxy = 96AC74A81CDB73AF00D993E7 /* PBXContainerItemProxy */;
		};
		96AC74B41CDB73AF00D993E7 /* PBXTargetDependency */ = {
			isa = PBXTargetDependency;
			target = 96AC74921CDB73AF00D993E7 /* AllStars */;
			targetProxy = 96AC74B31CDB73AF00D993E7 /* PBXContainerItemProxy */;
		};
/* End PBXTargetDependency section */

/* Begin PBXVariantGroup section */
		96AC749F1CDB73AF00D993E7 /* LaunchScreen.storyboard */ = {
			isa = PBXVariantGroup;
			children = (
				96AC74A01CDB73AF00D993E7 /* Base */,
			);
			name = LaunchScreen.storyboard;
			sourceTree = "<group>";
		};
/* End PBXVariantGroup section */

/* Begin XCBuildConfiguration section */
		96AC74B91CDB73AF00D993E7 /* Debug */ = {
			isa = XCBuildConfiguration;
			buildSettings = {
				ALWAYS_SEARCH_USER_PATHS = NO;
				CLANG_ANALYZER_NONNULL = YES;
				CLANG_CXX_LANGUAGE_STANDARD = "gnu++0x";
				CLANG_CXX_LIBRARY = "libc++";
				CLANG_ENABLE_MODULES = YES;
				CLANG_ENABLE_OBJC_ARC = YES;
				CLANG_WARN_BOOL_CONVERSION = YES;
				CLANG_WARN_CONSTANT_CONVERSION = YES;
				CLANG_WARN_DIRECT_OBJC_ISA_USAGE = YES_ERROR;
				CLANG_WARN_EMPTY_BODY = YES;
				CLANG_WARN_ENUM_CONVERSION = YES;
				CLANG_WARN_INT_CONVERSION = YES;
				CLANG_WARN_OBJC_ROOT_CLASS = YES_ERROR;
				CLANG_WARN_UNREACHABLE_CODE = YES;
				CLANG_WARN__DUPLICATE_METHOD_MATCH = YES;
				CODE_SIGN_IDENTITY = "iPhone Developer";
				"CODE_SIGN_IDENTITY[sdk=iphoneos*]" = "iPhone Developer";
				COPY_PHASE_STRIP = NO;
				DEBUG_INFORMATION_FORMAT = dwarf;
				ENABLE_STRICT_OBJC_MSGSEND = YES;
				ENABLE_TESTABILITY = YES;
				GCC_C_LANGUAGE_STANDARD = gnu99;
				GCC_DYNAMIC_NO_PIC = NO;
				GCC_NO_COMMON_BLOCKS = YES;
				GCC_OPTIMIZATION_LEVEL = 0;
				GCC_PREPROCESSOR_DEFINITIONS = (
					"DEBUG=1",
					"$(inherited)",
				);
				GCC_WARN_64_TO_32_BIT_CONVERSION = YES;
				GCC_WARN_ABOUT_RETURN_TYPE = YES_ERROR;
				GCC_WARN_UNDECLARED_SELECTOR = YES;
				GCC_WARN_UNINITIALIZED_AUTOS = YES_AGGRESSIVE;
				GCC_WARN_UNUSED_FUNCTION = YES;
				GCC_WARN_UNUSED_VARIABLE = YES;
				IPHONEOS_DEPLOYMENT_TARGET = 9.3;
				MTL_ENABLE_DEBUG_INFO = YES;
				ONLY_ACTIVE_ARCH = YES;
				SDKROOT = iphoneos;
				SWIFT_OBJC_BRIDGING_HEADER = "${PROJECT_DIR}/AllStars/AllStars-Bridging-Header.h";
				SWIFT_OPTIMIZATION_LEVEL = "-Onone";
			};
			name = Debug;
		};
		96AC74BA1CDB73AF00D993E7 /* Release */ = {
			isa = XCBuildConfiguration;
			buildSettings = {
				ALWAYS_SEARCH_USER_PATHS = NO;
				CLANG_ANALYZER_NONNULL = YES;
				CLANG_CXX_LANGUAGE_STANDARD = "gnu++0x";
				CLANG_CXX_LIBRARY = "libc++";
				CLANG_ENABLE_MODULES = YES;
				CLANG_ENABLE_OBJC_ARC = YES;
				CLANG_WARN_BOOL_CONVERSION = YES;
				CLANG_WARN_CONSTANT_CONVERSION = YES;
				CLANG_WARN_DIRECT_OBJC_ISA_USAGE = YES_ERROR;
				CLANG_WARN_EMPTY_BODY = YES;
				CLANG_WARN_ENUM_CONVERSION = YES;
				CLANG_WARN_INT_CONVERSION = YES;
				CLANG_WARN_OBJC_ROOT_CLASS = YES_ERROR;
				CLANG_WARN_UNREACHABLE_CODE = YES;
				CLANG_WARN__DUPLICATE_METHOD_MATCH = YES;
				CODE_SIGN_IDENTITY = "iPhone Distribution";
				"CODE_SIGN_IDENTITY[sdk=iphoneos*]" = "iPhone Distribution";
				COPY_PHASE_STRIP = NO;
				DEBUG_INFORMATION_FORMAT = "dwarf-with-dsym";
				ENABLE_NS_ASSERTIONS = NO;
				ENABLE_STRICT_OBJC_MSGSEND = YES;
				GCC_C_LANGUAGE_STANDARD = gnu99;
				GCC_NO_COMMON_BLOCKS = YES;
				GCC_WARN_64_TO_32_BIT_CONVERSION = YES;
				GCC_WARN_ABOUT_RETURN_TYPE = YES_ERROR;
				GCC_WARN_UNDECLARED_SELECTOR = YES;
				GCC_WARN_UNINITIALIZED_AUTOS = YES_AGGRESSIVE;
				GCC_WARN_UNUSED_FUNCTION = YES;
				GCC_WARN_UNUSED_VARIABLE = YES;
				IPHONEOS_DEPLOYMENT_TARGET = 9.3;
				MTL_ENABLE_DEBUG_INFO = NO;
				SDKROOT = iphoneos;
				SWIFT_OBJC_BRIDGING_HEADER = "${PROJECT_DIR}/AllStars/AllStars-Bridging-Header.h";
				VALIDATE_PRODUCT = YES;
			};
			name = Release;
		};
		96AC74BC1CDB73AF00D993E7 /* Debug */ = {
			isa = XCBuildConfiguration;
			baseConfigurationReference = 6891701F3BB249E13689ABBA /* Pods-AllStars.debug.xcconfig */;
			buildSettings = {
				ASSETCATALOG_COMPILER_APPICON_NAME = AppIcon;
				ASSETCATALOG_COMPILER_LAUNCHIMAGE_NAME = LaunchImage;
				CODE_SIGN_IDENTITY = "iPhone Developer";
				"CODE_SIGN_IDENTITY[sdk=iphoneos*]" = "iPhone Developer";
				FRAMEWORK_SEARCH_PATHS = (
					"$(inherited)",
					"$(PROJECT_DIR)/AllStars",
				);
				INFOPLIST_FILE = AllStars/Info.plist;
				IPHONEOS_DEPLOYMENT_TARGET = 9.0;
				LD_RUNPATH_SEARCH_PATHS = "$(inherited) @executable_path/Frameworks";
				PRODUCT_BUNDLE_IDENTIFIER = com.belatrix.connect;
				PRODUCT_NAME = "$(TARGET_NAME)";
				PROVISIONING_PROFILE = "";
			};
			name = Debug;
		};
		96AC74BD1CDB73AF00D993E7 /* Release */ = {
			isa = XCBuildConfiguration;
			baseConfigurationReference = 096506E97712267EE8D873B8 /* Pods-AllStars.release.xcconfig */;
			buildSettings = {
				ASSETCATALOG_COMPILER_APPICON_NAME = AppIcon;
				ASSETCATALOG_COMPILER_LAUNCHIMAGE_NAME = LaunchImage;
				CODE_SIGN_IDENTITY = "iPhone Distribution";
				"CODE_SIGN_IDENTITY[sdk=iphoneos*]" = "iPhone Distribution";
				FRAMEWORK_SEARCH_PATHS = (
					"$(inherited)",
					"$(PROJECT_DIR)/AllStars",
				);
				INFOPLIST_FILE = AllStars/Info.plist;
				IPHONEOS_DEPLOYMENT_TARGET = 9.0;
				LD_RUNPATH_SEARCH_PATHS = "$(inherited) @executable_path/Frameworks";
				PRODUCT_BUNDLE_IDENTIFIER = com.belatrix.connect;
				PRODUCT_NAME = "$(TARGET_NAME)";
				PROVISIONING_PROFILE = "";
			};
			name = Release;
		};
		96AC74BF1CDB73AF00D993E7 /* Debug */ = {
			isa = XCBuildConfiguration;
			buildSettings = {
				BUNDLE_LOADER = "$(TEST_HOST)";
				INFOPLIST_FILE = AllStarsTests/Info.plist;
				LD_RUNPATH_SEARCH_PATHS = "$(inherited) @executable_path/Frameworks @loader_path/Frameworks";
				PRODUCT_BUNDLE_IDENTIFIER = com.belatrix.AllStarsTests;
				PRODUCT_NAME = "$(TARGET_NAME)";
				TEST_HOST = "$(BUILT_PRODUCTS_DIR)/AllStars.app/AllStars";
			};
			name = Debug;
		};
		96AC74C01CDB73AF00D993E7 /* Release */ = {
			isa = XCBuildConfiguration;
			buildSettings = {
				BUNDLE_LOADER = "$(TEST_HOST)";
				INFOPLIST_FILE = AllStarsTests/Info.plist;
				LD_RUNPATH_SEARCH_PATHS = "$(inherited) @executable_path/Frameworks @loader_path/Frameworks";
				PRODUCT_BUNDLE_IDENTIFIER = com.belatrix.AllStarsTests;
				PRODUCT_NAME = "$(TARGET_NAME)";
				TEST_HOST = "$(BUILT_PRODUCTS_DIR)/AllStars.app/AllStars";
			};
			name = Release;
		};
		96AC74C21CDB73AF00D993E7 /* Debug */ = {
			isa = XCBuildConfiguration;
			buildSettings = {
				INFOPLIST_FILE = AllStarsUITests/Info.plist;
				LD_RUNPATH_SEARCH_PATHS = "$(inherited) @executable_path/Frameworks @loader_path/Frameworks";
				PRODUCT_BUNDLE_IDENTIFIER = com.belatrix.AllStarsUITests;
				PRODUCT_NAME = "$(TARGET_NAME)";
				TEST_TARGET_NAME = AllStars;
			};
			name = Debug;
		};
		96AC74C31CDB73AF00D993E7 /* Release */ = {
			isa = XCBuildConfiguration;
			buildSettings = {
				INFOPLIST_FILE = AllStarsUITests/Info.plist;
				LD_RUNPATH_SEARCH_PATHS = "$(inherited) @executable_path/Frameworks @loader_path/Frameworks";
				PRODUCT_BUNDLE_IDENTIFIER = com.belatrix.AllStarsUITests;
				PRODUCT_NAME = "$(TARGET_NAME)";
				TEST_TARGET_NAME = AllStars;
			};
			name = Release;
		};
/* End XCBuildConfiguration section */

/* Begin XCConfigurationList section */
		96AC748E1CDB73AF00D993E7 /* Build configuration list for PBXProject "AllStars" */ = {
			isa = XCConfigurationList;
			buildConfigurations = (
				96AC74B91CDB73AF00D993E7 /* Debug */,
				96AC74BA1CDB73AF00D993E7 /* Release */,
			);
			defaultConfigurationIsVisible = 0;
			defaultConfigurationName = Release;
		};
		96AC74BB1CDB73AF00D993E7 /* Build configuration list for PBXNativeTarget "AllStars" */ = {
			isa = XCConfigurationList;
			buildConfigurations = (
				96AC74BC1CDB73AF00D993E7 /* Debug */,
				96AC74BD1CDB73AF00D993E7 /* Release */,
			);
			defaultConfigurationIsVisible = 0;
			defaultConfigurationName = Release;
		};
		96AC74BE1CDB73AF00D993E7 /* Build configuration list for PBXNativeTarget "AllStarsTests" */ = {
			isa = XCConfigurationList;
			buildConfigurations = (
				96AC74BF1CDB73AF00D993E7 /* Debug */,
				96AC74C01CDB73AF00D993E7 /* Release */,
			);
			defaultConfigurationIsVisible = 0;
			defaultConfigurationName = Release;
		};
		96AC74C11CDB73AF00D993E7 /* Build configuration list for PBXNativeTarget "AllStarsUITests" */ = {
			isa = XCConfigurationList;
			buildConfigurations = (
				96AC74C21CDB73AF00D993E7 /* Debug */,
				96AC74C31CDB73AF00D993E7 /* Release */,
			);
			defaultConfigurationIsVisible = 0;
			defaultConfigurationName = Release;
		};
/* End XCConfigurationList section */
	};
	rootObject = 96AC748B1CDB73AF00D993E7 /* Project object */;
}
